Microsoft Visual Studio Solution File, Format Version 10.00
# Visual Studio 2008
Project("{8BC9CEB8-8B4A-11D0-8D11-00A0C91BC942}") = "png", "third-part\png\png.vcproj", "{62D4FDE9-768F-3811-A0E9-11D0AAFACA09}"
EndProject
Project("{8BC9CEB8-8B4A-11D0-8D11-00A0C91BC942}") = "skia", "third-part\skia\skia.vcproj", "{4F234505-AA65-37D0-9D4B-B56EC9ECE59B}"
EndProject
Project("{8BC9CEB8-8B4A-11D0-8D11-00A0C91BC942}") = "zlib", "third-part\zlib\zlib.vcproj", "{0AD79CEF-E674-3623-9750-88248C461939}"
EndProject
Project("{8BC9CEB8-8B4A-11D0-8D11-00A0C91BC942}") = "lua-52", "third-part\lua-52\lua-52.vcproj", "{7F10E4D9-F2EE-321B-AC44-1AB1C752DCB5}"
EndProject
Project("{8BC9CEB8-8B4A-11D0-8D11-00A0C91BC942}") = "smiley", "third-part\smiley\smiley.vcproj", "{5A9BD830-D64B-32BE-A0E5-53509ED7CC74}"
EndProject
Project("{8BC9CEB8-8B4A-11D0-8D11-00A0C91BC942}") = "mhook", "third-part\mhook\mhook.vcproj", "{C8565E06-FB75-33E1-AE68-FC58763B0442}"
EndProject
Project("{8BC9CEB8-8B4A-11D0-8D11-00A0C91BC942}") = "utilities", "utilities\utilities.vcproj", "{6DE24F7C-FB5C-3DEF-9008-06B025FB8AE8}"
EndProject
Project("{8BC9CEB8-8B4A-11D0-8D11-00A0C91BC942}") = "soui", "SOUI\soui.vcproj", "{7B004D56-D83C-3777-B5A0-EA3E116C2312}"
	ProjectSection(ProjectDependencies) = postProject
		{6DE24F7C-FB5C-3DEF-9008-06B025FB8AE8} = {6DE24F7C-FB5C-3DEF-9008-06B025FB8AE8}
		{CDED27DB-57AA-32C0-B51A-06449B0E136E} = {CDED27DB-57AA-32C0-B51A-06449B0E136E}
	EndProjectSection
EndProject
Project("{8BC9CEB8-8B4A-11D0-8D11-00A0C91BC942}") = "imgdecoder-wic", "components\imgdecoder-wic\imgdecoder-wic.vcproj", "{4DF16A49-3076-3730-9028-8A672AF306C2}"
EndProject
Project("{8BC9CEB8-8B4A-11D0-8D11-00A0C91BC942}") = "render-gdi", "components\render-gdi\render-gdi.vcproj", "{891C9AA7-6441-3F38-B682-9477D3E18ED9}"
	ProjectSection(ProjectDependencies) = postProject
		{6DE24F7C-FB5C-3DEF-9008-06B025FB8AE8} = {6DE24F7C-FB5C-3DEF-9008-06B025FB8AE8}
	EndProjectSection
EndProject
Project("{8BC9CEB8-8B4A-11D0-8D11-00A0C91BC942}") = "render-skia", "components\render-skia\render-skia.vcproj", "{0D6D6208-1735-36E0-94B8-A64A6C80DD68}"
	ProjectSection(ProjectDependencies) = postProject
		{6DE24F7C-FB5C-3DEF-9008-06B025FB8AE8} = {6DE24F7C-FB5C-3DEF-9008-06B025FB8AE8}
		{4F234505-AA65-37D0-9D4B-B56EC9ECE59B} = {4F234505-AA65-37D0-9D4B-B56EC9ECE59B}
	EndProjectSection
EndProject
Project("{8BC9CEB8-8B4A-11D0-8D11-00A0C91BC942}") = "translator", "components\translator\translator.vcproj", "{F8BE4C9A-5071-34A2-B1EE-7E264021A0A1}"
	ProjectSection(ProjectDependencies) = postProject
		{6DE24F7C-FB5C-3DEF-9008-06B025FB8AE8} = {6DE24F7C-FB5C-3DEF-9008-06B025FB8AE8}
	EndProjectSection
EndProject
Project("{8BC9CEB8-8B4A-11D0-8D11-00A0C91BC942}") = "resprovider-zip", "components\resprovider-zip\resprovider-zip.vcproj", "{89EF75A8-1053-3F7B-A7AF-0D9A568EE9F0}"
	ProjectSection(ProjectDependencies) = postProject
		{6DE24F7C-FB5C-3DEF-9008-06B025FB8AE8} = {6DE24F7C-FB5C-3DEF-9008-06B025FB8AE8}
		{6DE24F7C-FB5C-3DEF-9008-06B025FB8AE8} = {6DE24F7C-FB5C-3DEF-9008-06B025FB8AE8}
		{0AD79CEF-E674-3623-9750-88248C461939} = {0AD79CEF-E674-3623-9750-88248C461939}
	EndProjectSection
EndProject
Project("{8BC9CEB8-8B4A-11D0-8D11-00A0C91BC942}") = "imgdecoder-stb", "components\imgdecoder-stb\imgdecoder-stb.vcproj", "{CA079EA9-FDD6-35A9-9DE8-B5AC396B678C}"
EndProject
Project("{8BC9CEB8-8B4A-11D0-8D11-00A0C91BC942}") = "imgdecoder-png", "components\imgdecoder-png\imgdecoder-png.vcproj", "{9525C25B-0637-3099-8495-F0979E28F2F5}"
	ProjectSection(ProjectDependencies) = postProject
		{62D4FDE9-768F-3811-A0E9-11D0AAFACA09} = {62D4FDE9-768F-3811-A0E9-11D0AAFACA09}
		{0AD79CEF-E674-3623-9750-88248C461939} = {0AD79CEF-E674-3623-9750-88248C461939}
	EndProjectSection
EndProject
Project("{8BC9CEB8-8B4A-11D0-8D11-00A0C91BC942}") = "imgdecoder-gdip", "components\imgdecoder-gdip\imgdecoder-gdip.vcproj", "{5FDFC4AD-B3FC-37B2-9FF4-07D2F3E98AAB}"
EndProject
Project("{8BC9CEB8-8B4A-11D0-8D11-00A0C91BC942}") = "scriptmodule-lua", "components\ScriptModule-LUA\scriptmodule-lua.vcproj", "{00375A42-C1A6-3566-AE0F-3F35969E7575}"
	ProjectSection(ProjectDependencies) = postProject
		{7B004D56-D83C-3777-B5A0-EA3E116C2312} = {7B004D56-D83C-3777-B5A0-EA3E116C2312}
		{7F10E4D9-F2EE-321B-AC44-1AB1C752DCB5} = {7F10E4D9-F2EE-321B-AC44-1AB1C752DCB5}
	EndProjectSection
EndProject
Project("{8BC9CEB8-8B4A-11D0-8D11-00A0C91BC942}") = "log4z", "components\log4z\log4z.vcproj", "{9686385C-47DA-37F7-A5B8-FBFFAA35BA2A}"
EndProject
Project("{8BC9CEB8-8B4A-11D0-8D11-00A0C91BC942}") = "demo", "demo\demo.vcproj", "{11DC0DEC-161B-3B92-BF38-7E08DE8B4A41}"
	ProjectSection(ProjectDependencies) = postProject
		{7B004D56-D83C-3777-B5A0-EA3E116C2312} = {7B004D56-D83C-3777-B5A0-EA3E116C2312}
		{4DF16A49-3076-3730-9028-8A672AF306C2} = {4DF16A49-3076-3730-9028-8A672AF306C2}
		{C8565E06-FB75-33E1-AE68-FC58763B0442} = {C8565E06-FB75-33E1-AE68-FC58763B0442}
		{5A9BD830-D64B-32BE-A0E5-53509ED7CC74} = {5A9BD830-D64B-32BE-A0E5-53509ED7CC74}
		{00375A42-C1A6-3566-AE0F-3F35969E7575} = {00375A42-C1A6-3566-AE0F-3F35969E7575}
		{CA079EA9-FDD6-35A9-9DE8-B5AC396B678C} = {CA079EA9-FDD6-35A9-9DE8-B5AC396B678C}
		{F8BE4C9A-5071-34A2-B1EE-7E264021A0A1} = {F8BE4C9A-5071-34A2-B1EE-7E264021A0A1}
		{0D6D6208-1735-36E0-94B8-A64A6C80DD68} = {0D6D6208-1735-36E0-94B8-A64A6C80DD68}
		{9525C25B-0637-3099-8495-F0979E28F2F5} = {9525C25B-0637-3099-8495-F0979E28F2F5}
		{89EF75A8-1053-3F7B-A7AF-0D9A568EE9F0} = {89EF75A8-1053-3F7B-A7AF-0D9A568EE9F0}
		{54F07177-0540-3E2F-A212-B7A6DEAC854B} = {54F07177-0540-3E2F-A212-B7A6DEAC854B}
		{5FDFC4AD-B3FC-37B2-9FF4-07D2F3E98AAB} = {5FDFC4AD-B3FC-37B2-9FF4-07D2F3E98AAB}
		{891C9AA7-6441-3F38-B682-9477D3E18ED9} = {891C9AA7-6441-3F38-B682-9477D3E18ED9}
	EndProjectSection
EndProject
Project("{2150E333-8FDC-42A3-9474-1A3956D46DE8}") = "components", "components", "{7E3A1493-014C-436A-8A0B-FD579ADA6531}"
EndProject
Project("{2150E333-8FDC-42A3-9474-1A3956D46DE8}") = "third-part", "third-part", "{DAD1DC0E-CD4D-4D50-944F-3345541043CC}"
EndProject
Project("{2150E333-8FDC-42A3-9474-1A3956D46DE8}") = "imgdecoder", "imgdecoder", "{E22EC8FD-71BB-4904-B623-F9C9A7E805BD}"
EndProject
Project("{2150E333-8FDC-42A3-9474-1A3956D46DE8}") = "render", "render", "{F1E33A5E-A347-40F8-A34A-5EB534D84C77}"
EndProject
Project("{8BC9CEB8-8B4A-11D0-8D11-00A0C91BC942}") = "gtest", "third-part\gtest\gtest.vcproj", "{101723CF-70F8-32E8-B295-551464447FA9}"
EndProject
Project("{8BC9CEB8-8B4A-11D0-8D11-00A0C91BC942}") = "7z", "third-part\7z\7z.vcproj", "{33673269-0F1A-3461-AEB8-AE0842E417E6}"
EndProject
Project("{8BC9CEB8-8B4A-11D0-8D11-00A0C91BC942}") = "resprovider-7zip", "components\resprovider-7zip\resprovider-7zip.vcproj", "{54F07177-0540-3E2F-A212-B7A6DEAC854B}"
	ProjectSection(ProjectDependencies) = postProject
		{6DE24F7C-FB5C-3DEF-9008-06B025FB8AE8} = {6DE24F7C-FB5C-3DEF-9008-06B025FB8AE8}
		{33673269-0F1A-3461-AEB8-AE0842E417E6} = {33673269-0F1A-3461-AEB8-AE0842E417E6}
	EndProjectSection
EndProject
Project("{8BC9CEB8-8B4A-11D0-8D11-00A0C91BC942}") = "soui-sys-resource", "soui-sys-resource\soui-sys-resource.vcproj", "{CDED27DB-57AA-32C0-B51A-06449B0E136E}"
EndProject
Project("{8BC9CEB8-8B4A-11D0-8D11-00A0C91BC942}") = "scintilla", "third-part\Scintilla\scintilla.vcproj", "{BA2220A7-2649-3DBE-8D80-E9A26C136493}"
EndProject
Project("{8BC9CEB8-8B4A-11D0-8D11-00A0C91BC942}") = "jsoncpp", "third-part\jsoncpp\jsoncpp.vcproj", "{C0F3A666-8540-3AEC-8A83-7F90A2C70411}"
EndProject
Project("{8BC9CEB8-8B4A-11D0-8D11-00A0C91BC942}") = "TaskLoop", "components\TaskLoop\TaskLoop.vcproj", "{226ABB73-A763-3183-ACB4-851544028050}"
EndProject
Project("{8BC9CEB8-8B4A-11D0-8D11-00A0C91BC942}") = "SIpcObject", "components\SIpcObject\SIpcObject.vcproj", "{05BCE4A1-6B8B-386E-8962-D803F2977E82}"
EndProject
Project("{8BC9CEB8-8B4A-11D0-8D11-00A0C91BC942}") = "SkMatrix", "third-part\SkMatrix\SkMatrix.vcproj", "{6343DE47-8811-3D33-A77A-574903E1DBF5}"
EndProject
Global
	GlobalSection(SolutionConfigurationPlatforms) = preSolution
		Debug|Win32 = Debug|Win32
		Release|Win32 = Release|Win32
	EndGlobalSection
	GlobalSection(ProjectConfigurationPlatforms) = postSolution
		{62D4FDE9-768F-3811-A0E9-11D0AAFACA09}.Debug|Win32.ActiveCfg = Debug|Win32
		{62D4FDE9-768F-3811-A0E9-11D0AAFACA09}.Debug|Win32.Build.0 = Debug|Win32
		{62D4FDE9-768F-3811-A0E9-11D0AAFACA09}.Release|Win32.ActiveCfg = Release|Win32
		{62D4FDE9-768F-3811-A0E9-11D0AAFACA09}.Release|Win32.Build.0 = Release|Win32
		{4F234505-AA65-37D0-9D4B-B56EC9ECE59B}.Debug|Win32.ActiveCfg = Debug|Win32
		{4F234505-AA65-37D0-9D4B-B56EC9ECE59B}.Debug|Win32.Build.0 = Debug|Win32
		{4F234505-AA65-37D0-9D4B-B56EC9ECE59B}.Release|Win32.ActiveCfg = Release|Win32
		{4F234505-AA65-37D0-9D4B-B56EC9ECE59B}.Release|Win32.Build.0 = Release|Win32
		{0AD79CEF-E674-3623-9750-88248C461939}.Debug|Win32.ActiveCfg = Debug|Win32
		{0AD79CEF-E674-3623-9750-88248C461939}.Debug|Win32.Build.0 = Debug|Win32
		{0AD79CEF-E674-3623-9750-88248C461939}.Release|Win32.ActiveCfg = Release|Win32
		{0AD79CEF-E674-3623-9750-88248C461939}.Release|Win32.Build.0 = Release|Win32
		{7F10E4D9-F2EE-321B-AC44-1AB1C752DCB5}.Debug|Win32.ActiveCfg = Debug|Win32
		{7F10E4D9-F2EE-321B-AC44-1AB1C752DCB5}.Debug|Win32.Build.0 = Debug|Win32
		{7F10E4D9-F2EE-321B-AC44-1AB1C752DCB5}.Release|Win32.ActiveCfg = Release|Win32
		{7F10E4D9-F2EE-321B-AC44-1AB1C752DCB5}.Release|Win32.Build.0 = Release|Win32
		{5A9BD830-D64B-32BE-A0E5-53509ED7CC74}.Debug|Win32.ActiveCfg = Debug|Win32
		{5A9BD830-D64B-32BE-A0E5-53509ED7CC74}.Debug|Win32.Build.0 = Debug|Win32
		{5A9BD830-D64B-32BE-A0E5-53509ED7CC74}.Release|Win32.ActiveCfg = Release|Win32
		{5A9BD830-D64B-32BE-A0E5-53509ED7CC74}.Release|Win32.Build.0 = Release|Win32
		{C8565E06-FB75-33E1-AE68-FC58763B0442}.Debug|Win32.ActiveCfg = Debug|Win32
		{C8565E06-FB75-33E1-AE68-FC58763B0442}.Debug|Win32.Build.0 = Debug|Win32
		{C8565E06-FB75-33E1-AE68-FC58763B0442}.Release|Win32.ActiveCfg = Release|Win32
		{C8565E06-FB75-33E1-AE68-FC58763B0442}.Release|Win32.Build.0 = Release|Win32
		{6DE24F7C-FB5C-3DEF-9008-06B025FB8AE8}.Debug|Win32.ActiveCfg = Debug|Win32
		{6DE24F7C-FB5C-3DEF-9008-06B025FB8AE8}.Debug|Win32.Build.0 = Debug|Win32
		{6DE24F7C-FB5C-3DEF-9008-06B025FB8AE8}.Release|Win32.ActiveCfg = Release|Win32
		{6DE24F7C-FB5C-3DEF-9008-06B025FB8AE8}.Release|Win32.Build.0 = Release|Win32
		{7B004D56-D83C-3777-B5A0-EA3E116C2312}.Debug|Win32.ActiveCfg = Debug|Win32
		{7B004D56-D83C-3777-B5A0-EA3E116C2312}.Debug|Win32.Build.0 = Debug|Win32
		{7B004D56-D83C-3777-B5A0-EA3E116C2312}.Release|Win32.ActiveCfg = Release|Win32
		{7B004D56-D83C-3777-B5A0-EA3E116C2312}.Release|Win32.Build.0 = Release|Win32
		{4DF16A49-3076-3730-9028-8A672AF306C2}.Debug|Win32.ActiveCfg = Debug|Win32
		{4DF16A49-3076-3730-9028-8A672AF306C2}.Debug|Win32.Build.0 = Debug|Win32
		{4DF16A49-3076-3730-9028-8A672AF306C2}.Release|Win32.ActiveCfg = Release|Win32
		{4DF16A49-3076-3730-9028-8A672AF306C2}.Release|Win32.Build.0 = Release|Win32
		{891C9AA7-6441-3F38-B682-9477D3E18ED9}.Debug|Win32.ActiveCfg = Debug|Win32
		{891C9AA7-6441-3F38-B682-9477D3E18ED9}.Debug|Win32.Build.0 = Debug|Win32
		{891C9AA7-6441-3F38-B682-9477D3E18ED9}.Release|Win32.ActiveCfg = Release|Win32
		{891C9AA7-6441-3F38-B682-9477D3E18ED9}.Release|Win32.Build.0 = Release|Win32
		{0D6D6208-1735-36E0-94B8-A64A6C80DD68}.Debug|Win32.ActiveCfg = Debug|Win32
		{0D6D6208-1735-36E0-94B8-A64A6C80DD68}.Debug|Win32.Build.0 = Debug|Win32
		{0D6D6208-1735-36E0-94B8-A64A6C80DD68}.Release|Win32.ActiveCfg = Release|Win32
		{0D6D6208-1735-36E0-94B8-A64A6C80DD68}.Release|Win32.Build.0 = Release|Win32
		{F8BE4C9A-5071-34A2-B1EE-7E264021A0A1}.Debug|Win32.ActiveCfg = Debug|Win32
		{F8BE4C9A-5071-34A2-B1EE-7E264021A0A1}.Debug|Win32.Build.0 = Debug|Win32
		{F8BE4C9A-5071-34A2-B1EE-7E264021A0A1}.Release|Win32.ActiveCfg = Release|Win32
		{F8BE4C9A-5071-34A2-B1EE-7E264021A0A1}.Release|Win32.Build.0 = Release|Win32
		{89EF75A8-1053-3F7B-A7AF-0D9A568EE9F0}.Debug|Win32.ActiveCfg = Debug|Win32
		{89EF75A8-1053-3F7B-A7AF-0D9A568EE9F0}.Debug|Win32.Build.0 = Debug|Win32
		{89EF75A8-1053-3F7B-A7AF-0D9A568EE9F0}.Release|Win32.ActiveCfg = Release|Win32
		{89EF75A8-1053-3F7B-A7AF-0D9A568EE9F0}.Release|Win32.Build.0 = Release|Win32
		{CA079EA9-FDD6-35A9-9DE8-B5AC396B678C}.Debug|Win32.ActiveCfg = Debug|Win32
		{CA079EA9-FDD6-35A9-9DE8-B5AC396B678C}.Debug|Win32.Build.0 = Debug|Win32
		{CA079EA9-FDD6-35A9-9DE8-B5AC396B678C}.Release|Win32.ActiveCfg = Release|Win32
		{CA079EA9-FDD6-35A9-9DE8-B5AC396B678C}.Release|Win32.Build.0 = Release|Win32
		{9525C25B-0637-3099-8495-F0979E28F2F5}.Debug|Win32.ActiveCfg = Debug|Win32
		{9525C25B-0637-3099-8495-F0979E28F2F5}.Debug|Win32.Build.0 = Debug|Win32
		{9525C25B-0637-3099-8495-F0979E28F2F5}.Release|Win32.ActiveCfg = Release|Win32
		{9525C25B-0637-3099-8495-F0979E28F2F5}.Release|Win32.Build.0 = Release|Win32
		{5FDFC4AD-B3FC-37B2-9FF4-07D2F3E98AAB}.Debug|Win32.ActiveCfg = Debug|Win32
		{5FDFC4AD-B3FC-37B2-9FF4-07D2F3E98AAB}.Debug|Win32.Build.0 = Debug|Win32
		{5FDFC4AD-B3FC-37B2-9FF4-07D2F3E98AAB}.Release|Win32.ActiveCfg = Release|Win32
		{5FDFC4AD-B3FC-37B2-9FF4-07D2F3E98AAB}.Release|Win32.Build.0 = Release|Win32
		{00375A42-C1A6-3566-AE0F-3F35969E7575}.Debug|Win32.ActiveCfg = Debug|Win32
		{00375A42-C1A6-3566-AE0F-3F35969E7575}.Debug|Win32.Build.0 = Debug|Win32
		{00375A42-C1A6-3566-AE0F-3F35969E7575}.Release|Win32.ActiveCfg = Release|Win32
		{00375A42-C1A6-3566-AE0F-3F35969E7575}.Release|Win32.Build.0 = Release|Win32
		{9686385C-47DA-37F7-A5B8-FBFFAA35BA2A}.Debug|Win32.ActiveCfg = Debug|Win32
		{9686385C-47DA-37F7-A5B8-FBFFAA35BA2A}.Debug|Win32.Build.0 = Debug|Win32
		{9686385C-47DA-37F7-A5B8-FBFFAA35BA2A}.Release|Win32.ActiveCfg = Release|Win32
		{9686385C-47DA-37F7-A5B8-FBFFAA35BA2A}.Release|Win32.Build.0 = Release|Win32
		{11DC0DEC-161B-3B92-BF38-7E08DE8B4A41}.Debug|Win32.ActiveCfg = Debug|Win32
		{11DC0DEC-161B-3B92-BF38-7E08DE8B4A41}.Debug|Win32.Build.0 = Debug|Win32
		{11DC0DEC-161B-3B92-BF38-7E08DE8B4A41}.Release|Win32.ActiveCfg = Release|Win32
		{11DC0DEC-161B-3B92-BF38-7E08DE8B4A41}.Release|Win32.Build.0 = Release|Win32
		{101723CF-70F8-32E8-B295-551464447FA9}.Debug|Win32.ActiveCfg = Debug|Win32
		{101723CF-70F8-32E8-B295-551464447FA9}.Debug|Win32.Build.0 = Debug|Win32
		{101723CF-70F8-32E8-B295-551464447FA9}.Release|Win32.ActiveCfg = Release|Win32
		{101723CF-70F8-32E8-B295-551464447FA9}.Release|Win32.Build.0 = Release|Win32
		{33673269-0F1A-3461-AEB8-AE0842E417E6}.Debug|Win32.ActiveCfg = Debug|Win32
		{33673269-0F1A-3461-AEB8-AE0842E417E6}.Debug|Win32.Build.0 = Debug|Win32
		{33673269-0F1A-3461-AEB8-AE0842E417E6}.Release|Win32.ActiveCfg = Release|Win32
		{33673269-0F1A-3461-AEB8-AE0842E417E6}.Release|Win32.Build.0 = Release|Win32
		{54F07177-0540-3E2F-A212-B7A6DEAC854B}.Debug|Win32.ActiveCfg = Debug|Win32
		{54F07177-0540-3E2F-A212-B7A6DEAC854B}.Debug|Win32.Build.0 = Debug|Win32
		{54F07177-0540-3E2F-A212-B7A6DEAC854B}.Release|Win32.ActiveCfg = Release|Win32
		{54F07177-0540-3E2F-A212-B7A6DEAC854B}.Release|Win32.Build.0 = Release|Win32
		{CDED27DB-57AA-32C0-B51A-06449B0E136E}.Debug|Win32.ActiveCfg = Debug|Win32
		{CDED27DB-57AA-32C0-B51A-06449B0E136E}.Debug|Win32.Build.0 = Debug|Win32
		{CDED27DB-57AA-32C0-B51A-06449B0E136E}.Release|Win32.ActiveCfg = Release|Win32
		{CDED27DB-57AA-32C0-B51A-06449B0E136E}.Release|Win32.Build.0 = Release|Win32
		{BA2220A7-2649-3DBE-8D80-E9A26C136493}.Debug|Win32.ActiveCfg = Debug|Win32
		{BA2220A7-2649-3DBE-8D80-E9A26C136493}.Debug|Win32.Build.0 = Debug|Win32
		{BA2220A7-2649-3DBE-8D80-E9A26C136493}.Release|Win32.ActiveCfg = Release|Win32
		{BA2220A7-2649-3DBE-8D80-E9A26C136493}.Release|Win32.Build.0 = Release|Win32
		{C0F3A666-8540-3AEC-8A83-7F90A2C70411}.Debug|Win32.ActiveCfg = Debug|Win32
		{C0F3A666-8540-3AEC-8A83-7F90A2C70411}.Debug|Win32.Build.0 = Debug|Win32
		{C0F3A666-8540-3AEC-8A83-7F90A2C70411}.Release|Win32.ActiveCfg = Release|Win32
		{C0F3A666-8540-3AEC-8A83-7F90A2C70411}.Release|Win32.Build.0 = Release|Win32
		{226ABB73-A763-3183-ACB4-851544028050}.Debug|Win32.ActiveCfg = Debug|Win32
		{226ABB73-A763-3183-ACB4-851544028050}.Debug|Win32.Build.0 = Debug|Win32
		{226ABB73-A763-3183-ACB4-851544028050}.Release|Win32.ActiveCfg = Release|Win32
		{226ABB73-A763-3183-ACB4-851544028050}.Release|Win32.Build.0 = Release|Win32
		{05BCE4A1-6B8B-386E-8962-D803F2977E82}.Debug|Win32.ActiveCfg = Debug|Win32
		{05BCE4A1-6B8B-386E-8962-D803F2977E82}.Debug|Win32.Build.0 = Debug|Win32
		{05BCE4A1-6B8B-386E-8962-D803F2977E82}.Release|Win32.ActiveCfg = Release|Win32
		{05BCE4A1-6B8B-386E-8962-D803F2977E82}.Release|Win32.Build.0 = Release|Win32
		{6343DE47-8811-3D33-A77A-574903E1DBF5}.Debug|Win32.ActiveCfg = Debug|Win32
		{6343DE47-8811-3D33-A77A-574903E1DBF5}.Debug|Win32.Build.0 = Debug|Win32
		{6343DE47-8811-3D33-A77A-574903E1DBF5}.Release|Win32.ActiveCfg = Release|Win32
		{6343DE47-8811-3D33-A77A-574903E1DBF5}.Release|Win32.Build.0 = Release|Win32
	EndGlobalSection
	GlobalSection(SolutionProperties) = preSolution
		HideSolutionNode = FALSE
	EndGlobalSection
	GlobalSection(NestedProjects) = preSolution
		{4F234505-AA65-37D0-9D4B-B56EC9ECE59B} = {DAD1DC0E-CD4D-4D50-944F-3345541043CC}
		{0AD79CEF-E674-3623-9750-88248C461939} = {DAD1DC0E-CD4D-4D50-944F-3345541043CC}
		{7F10E4D9-F2EE-321B-AC44-1AB1C752DCB5} = {DAD1DC0E-CD4D-4D50-944F-3345541043CC}
		{5A9BD830-D64B-32BE-A0E5-53509ED7CC74} = {DAD1DC0E-CD4D-4D50-944F-3345541043CC}
		{C8565E06-FB75-33E1-AE68-FC58763B0442} = {DAD1DC0E-CD4D-4D50-944F-3345541043CC}
		{62D4FDE9-768F-3811-A0E9-11D0AAFACA09} = {DAD1DC0E-CD4D-4D50-944F-3345541043CC}
		{101723CF-70F8-32E8-B295-551464447FA9} = {DAD1DC0E-CD4D-4D50-944F-3345541043CC}
		{33673269-0F1A-3461-AEB8-AE0842E417E6} = {DAD1DC0E-CD4D-4D50-944F-3345541043CC}
		{BA2220A7-2649-3DBE-8D80-E9A26C136493} = {DAD1DC0E-CD4D-4D50-944F-3345541043CC}
		{C0F3A666-8540-3AEC-8A83-7F90A2C70411} = {DAD1DC0E-CD4D-4D50-944F-3345541043CC}
		{6343DE47-8811-3D33-A77A-574903E1DBF5} = {DAD1DC0E-CD4D-4D50-944F-3345541043CC}
		{F1E33A5E-A347-40F8-A34A-5EB534D84C77} = {7E3A1493-014C-436A-8A0B-FD579ADA6531}
		{F8BE4C9A-5071-34A2-B1EE-7E264021A0A1} = {7E3A1493-014C-436A-8A0B-FD579ADA6531}
		{89EF75A8-1053-3F7B-A7AF-0D9A568EE9F0} = {7E3A1493-014C-436A-8A0B-FD579ADA6531}
		{E22EC8FD-71BB-4904-B623-F9C9A7E805BD} = {7E3A1493-014C-436A-8A0B-FD579ADA6531}
		{00375A42-C1A6-3566-AE0F-3F35969E7575} = {7E3A1493-014C-436A-8A0B-FD579ADA6531}
		{9686385C-47DA-37F7-A5B8-FBFFAA35BA2A} = {7E3A1493-014C-436A-8A0B-FD579ADA6531}
		{54F07177-0540-3E2F-A212-B7A6DEAC854B} = {7E3A1493-014C-436A-8A0B-FD579ADA6531}
		{226ABB73-A763-3183-ACB4-851544028050} = {7E3A1493-014C-436A-8A0B-FD579ADA6531}
		{05BCE4A1-6B8B-386E-8962-D803F2977E82} = {7E3A1493-014C-436A-8A0B-FD579ADA6531}
		{0D6D6208-1735-36E0-94B8-A64A6C80DD68} = {F1E33A5E-A347-40F8-A34A-5EB534D84C77}
		{891C9AA7-6441-3F38-B682-9477D3E18ED9} = {F1E33A5E-A347-40F8-A34A-5EB534D84C77}
		{9525C25B-0637-3099-8495-F0979E28F2F5} = {E22EC8FD-71BB-4904-B623-F9C9A7E805BD}
		{5FDFC4AD-B3FC-37B2-9FF4-07D2F3E98AAB} = {E22EC8FD-71BB-4904-B623-F9C9A7E805BD}
		{4DF16A49-3076-3730-9028-8A672AF306C2} = {E22EC8FD-71BB-4904-B623-F9C9A7E805BD}
		{CA079EA9-FDD6-35A9-9DE8-B5AC396B678C} = {E22EC8FD-71BB-4904-B623-F9C9A7E805BD}
	EndGlobalSection
EndGlobal
