Microsoft Visual Studio Solution File, Format Version 10.00
# Visual Studio 2008
Project("{8BC9CEB8-8B4A-11D0-8D11-00A0C91BC942}") = "png", "third-part\png\png.vcproj", "{2B5E5173-827E-3E25-8E85-C1F0FFCD58AF}"
EndProject
Project("{8BC9CEB8-8B4A-11D0-8D11-00A0C91BC942}") = "skia", "third-part\skia\skia.vcproj", "{9FB6958F-4AE6-3726-A68D-144673209A3A}"
EndProject
Project("{8BC9CEB8-8B4A-11D0-8D11-00A0C91BC942}") = "zlib", "third-part\zlib\zlib.vcproj", "{BC7DFE06-2FDE-39CB-8FE0-5DDF11277CC4}"
EndProject
Project("{8BC9CEB8-8B4A-11D0-8D11-00A0C91BC942}") = "lua-52", "third-part\lua-52\lua-52.vcproj", "{D230AD96-D2FC-3D13-980B-3AD7483D7067}"
EndProject
Project("{8BC9CEB8-8B4A-11D0-8D11-00A0C91BC942}") = "smiley", "third-part\smiley\smiley.vcproj", "{7A021D0B-42AA-399D-A6FD-21497401DAA0}"
EndProject
Project("{8BC9CEB8-8B4A-11D0-8D11-00A0C91BC942}") = "mhook", "third-part\mhook\mhook.vcproj", "{56B8E0D6-3A12-3931-89D4-D88F8B127803}"
EndProject
Project("{8BC9CEB8-8B4A-11D0-8D11-00A0C91BC942}") = "utilities", "utilities\utilities.vcproj", "{ED910FFB-01BD-3D9C-9163-EA6433E7F3B1}"
EndProject
Project("{8BC9CEB8-8B4A-11D0-8D11-00A0C91BC942}") = "imgdecoder-wic", "components\imgdecoder-wic\imgdecoder-wic.vcproj", "{C1A69B84-C215-377B-90A5-6F54F31AB13A}"
EndProject
Project("{8BC9CEB8-8B4A-11D0-8D11-00A0C91BC942}") = "render-gdi", "components\render-gdi\render-gdi.vcproj", "{EB653DA0-96CB-376E-8BE7-6B9C67DAA59A}"
	ProjectSection(ProjectDependencies) = postProject
		{ED910FFB-01BD-3D9C-9163-EA6433E7F3B1} = {ED910FFB-01BD-3D9C-9163-EA6433E7F3B1}
	EndProjectSection
EndProject
Project("{8BC9CEB8-8B4A-11D0-8D11-00A0C91BC942}") = "render-skia", "components\render-skia\render-skia.vcproj", "{A6DFA2B2-EB78-3F17-961C-86AF4554EA44}"
	ProjectSection(ProjectDependencies) = postProject
		{ED910FFB-01BD-3D9C-9163-EA6433E7F3B1} = {ED910FFB-01BD-3D9C-9163-EA6433E7F3B1}
		{9FB6958F-4AE6-3726-A68D-144673209A3A} = {9FB6958F-4AE6-3726-A68D-144673209A3A}
	EndProjectSection
EndProject
Project("{8BC9CEB8-8B4A-11D0-8D11-00A0C91BC942}") = "translator", "components\translator\translator.vcproj", "{7CBED15F-98AC-3ADB-85C4-B9D1BB6DBB99}"
	ProjectSection(ProjectDependencies) = postProject
		{ED910FFB-01BD-3D9C-9163-EA6433E7F3B1} = {ED910FFB-01BD-3D9C-9163-EA6433E7F3B1}
	EndProjectSection
EndProject
Project("{8BC9CEB8-8B4A-11D0-8D11-00A0C91BC942}") = "resprovider-zip", "components\resprovider-zip\resprovider-zip.vcproj", "{426311F3-C83A-3759-B971-B25701337149}"
	ProjectSection(ProjectDependencies) = postProject
		{ED910FFB-01BD-3D9C-9163-EA6433E7F3B1} = {ED910FFB-01BD-3D9C-9163-EA6433E7F3B1}
		{ED910FFB-01BD-3D9C-9163-EA6433E7F3B1} = {ED910FFB-01BD-3D9C-9163-EA6433E7F3B1}
		{BC7DFE06-2FDE-39CB-8FE0-5DDF11277CC4} = {BC7DFE06-2FDE-39CB-8FE0-5DDF11277CC4}
	EndProjectSection
EndProject
Project("{8BC9CEB8-8B4A-11D0-8D11-00A0C91BC942}") = "imgdecoder-stb", "components\imgdecoder-stb\imgdecoder-stb.vcproj", "{639FC6D5-A5DA-34EF-894D-9C7032F05487}"
EndProject
Project("{8BC9CEB8-8B4A-11D0-8D11-00A0C91BC942}") = "imgdecoder-png", "components\imgdecoder-png\imgdecoder-png.vcproj", "{397CB09A-8FF5-3E0A-B808-42D4CAA916B0}"
	ProjectSection(ProjectDependencies) = postProject
		{2B5E5173-827E-3E25-8E85-C1F0FFCD58AF} = {2B5E5173-827E-3E25-8E85-C1F0FFCD58AF}
		{BC7DFE06-2FDE-39CB-8FE0-5DDF11277CC4} = {BC7DFE06-2FDE-39CB-8FE0-5DDF11277CC4}
	EndProjectSection
EndProject
Project("{8BC9CEB8-8B4A-11D0-8D11-00A0C91BC942}") = "imgdecoder-gdip", "components\imgdecoder-gdip\imgdecoder-gdip.vcproj", "{E3935FB2-7F61-3811-A97C-5C8D5442DACC}"
EndProject
Project("{8BC9CEB8-8B4A-11D0-8D11-00A0C91BC942}") = "scriptmodule-lua", "components\ScriptModule-LUA\scriptmodule-lua.vcproj", "{A284957C-9B5B-3DE6-8EE5-BC266FB878D5}"
	ProjectSection(ProjectDependencies) = postProject
		{D230AD96-D2FC-3D13-980B-3AD7483D7067} = {D230AD96-D2FC-3D13-980B-3AD7483D7067}
	EndProjectSection
EndProject
Project("{8BC9CEB8-8B4A-11D0-8D11-00A0C91BC942}") = "log4z", "components\log4z\log4z.vcproj", "{54DE668F-5D2F-3B0D-B166-2148B924BC8F}"
EndProject
Project("{8BC9CEB8-8B4A-11D0-8D11-00A0C91BC942}") = "demo", "demo\demo.vcproj", "{E3891D4D-E74A-3FAB-AA22-F682307D06F3}"
	ProjectSection(ProjectDependencies) = postProject
		{C1A69B84-C215-377B-90A5-6F54F31AB13A} = {C1A69B84-C215-377B-90A5-6F54F31AB13A}
		{56B8E0D6-3A12-3931-89D4-D88F8B127803} = {56B8E0D6-3A12-3931-89D4-D88F8B127803}
		{7A021D0B-42AA-399D-A6FD-21497401DAA0} = {7A021D0B-42AA-399D-A6FD-21497401DAA0}
		{A284957C-9B5B-3DE6-8EE5-BC266FB878D5} = {A284957C-9B5B-3DE6-8EE5-BC266FB878D5}
		{639FC6D5-A5DA-34EF-894D-9C7032F05487} = {639FC6D5-A5DA-34EF-894D-9C7032F05487}
		{7CBED15F-98AC-3ADB-85C4-B9D1BB6DBB99} = {7CBED15F-98AC-3ADB-85C4-B9D1BB6DBB99}
		{A6DFA2B2-EB78-3F17-961C-86AF4554EA44} = {A6DFA2B2-EB78-3F17-961C-86AF4554EA44}
		{397CB09A-8FF5-3E0A-B808-42D4CAA916B0} = {397CB09A-8FF5-3E0A-B808-42D4CAA916B0}
		{426311F3-C83A-3759-B971-B25701337149} = {426311F3-C83A-3759-B971-B25701337149}
		{755394FB-A433-3653-9232-3B6DDB66A2C5} = {755394FB-A433-3653-9232-3B6DDB66A2C5}
		{E3935FB2-7F61-3811-A97C-5C8D5442DACC} = {E3935FB2-7F61-3811-A97C-5C8D5442DACC}
		{EB653DA0-96CB-376E-8BE7-6B9C67DAA59A} = {EB653DA0-96CB-376E-8BE7-6B9C67DAA59A}
	EndProjectSection
EndProject
Project("{2150E333-8FDC-42A3-9474-1A3956D46DE8}") = "components", "components", "{7E3A1493-014C-436A-8A0B-FD579ADA6531}"
EndProject
Project("{2150E333-8FDC-42A3-9474-1A3956D46DE8}") = "third-part", "third-part", "{DAD1DC0E-CD4D-4D50-944F-3345541043CC}"
EndProject
Project("{2150E333-8FDC-42A3-9474-1A3956D46DE8}") = "imgdecoder", "imgdecoder", "{E22EC8FD-71BB-4904-B623-F9C9A7E805BD}"
EndProject
Project("{2150E333-8FDC-42A3-9474-1A3956D46DE8}") = "render", "render", "{F1E33A5E-A347-40F8-A34A-5EB534D84C77}"
EndProject
Project("{8BC9CEB8-8B4A-11D0-8D11-00A0C91BC942}") = "gtest", "third-part\gtest\gtest.vcproj", "{F8148F66-0541-3864-808D-D4A51F0D72D1}"
EndProject
Project("{8BC9CEB8-8B4A-11D0-8D11-00A0C91BC942}") = "7z", "third-part\7z\7z.vcproj", "{896F1AB3-0254-348B-9B88-181E8D1C02E9}"
EndProject
Project("{8BC9CEB8-8B4A-11D0-8D11-00A0C91BC942}") = "resprovider-7zip", "components\resprovider-7zip\resprovider-7zip.vcproj", "{755394FB-A433-3653-9232-3B6DDB66A2C5}"
	ProjectSection(ProjectDependencies) = postProject
		{ED910FFB-01BD-3D9C-9163-EA6433E7F3B1} = {ED910FFB-01BD-3D9C-9163-EA6433E7F3B1}
		{896F1AB3-0254-348B-9B88-181E8D1C02E9} = {896F1AB3-0254-348B-9B88-181E8D1C02E9}
	EndProjectSection
EndProject
Project("{8BC9CEB8-8B4A-11D0-8D11-00A0C91BC942}") = "soui-sys-resource", "soui-sys-resource\soui-sys-resource.vcproj", "{DEE9708E-32EF-3BFD-99B6-D089FF932C77}"
EndProject
Project("{8BC9CEB8-8B4A-11D0-8D11-00A0C91BC942}") = "scintilla", "third-part\Scintilla\scintilla.vcproj", "{ED2E7128-2A87-3A5A-A7B0-0295A0628A29}"
EndProject
Project("{8BC9CEB8-8B4A-11D0-8D11-00A0C91BC942}") = "jsoncpp", "third-part\jsoncpp\jsoncpp.vcproj", "{10FE3EBA-779C-3D52-99D5-E5E45CF99969}"
EndProject
Project("{8BC9CEB8-8B4A-11D0-8D11-00A0C91BC942}") = "TaskLoop", "components\TaskLoop\TaskLoop.vcproj", "{B74865B7-0702-3E95-9051-5ACEBD378532}"
EndProject
Project("{8BC9CEB8-8B4A-11D0-8D11-00A0C91BC942}") = "SIpcObject", "components\SIpcObject\SIpcObject.vcproj", "{322B7BFD-0E2F-3934-A862-6D9467716C74}"
EndProject
Project("{8BC9CEB8-8B4A-11D0-8D11-00A0C91BC942}") = "soui3", "SOUI\soui3.vcproj", "{50C47181-7403-371E-85A8-E0B35D34D37A}"
EndProject
Global
	GlobalSection(SolutionConfigurationPlatforms) = preSolution
		Debug|Win32 = Debug|Win32
		Release|Win32 = Release|Win32
	EndGlobalSection
	GlobalSection(ProjectConfigurationPlatforms) = postSolution
		{2B5E5173-827E-3E25-8E85-C1F0FFCD58AF}.Debug|Win32.ActiveCfg = Debug|Win32
		{2B5E5173-827E-3E25-8E85-C1F0FFCD58AF}.Debug|Win32.Build.0 = Debug|Win32
		{2B5E5173-827E-3E25-8E85-C1F0FFCD58AF}.Release|Win32.ActiveCfg = Release|Win32
		{2B5E5173-827E-3E25-8E85-C1F0FFCD58AF}.Release|Win32.Build.0 = Release|Win32
		{9FB6958F-4AE6-3726-A68D-144673209A3A}.Debug|Win32.ActiveCfg = Debug|Win32
		{9FB6958F-4AE6-3726-A68D-144673209A3A}.Debug|Win32.Build.0 = Debug|Win32
		{9FB6958F-4AE6-3726-A68D-144673209A3A}.Release|Win32.ActiveCfg = Release|Win32
		{9FB6958F-4AE6-3726-A68D-144673209A3A}.Release|Win32.Build.0 = Release|Win32
		{BC7DFE06-2FDE-39CB-8FE0-5DDF11277CC4}.Debug|Win32.ActiveCfg = Debug|Win32
		{BC7DFE06-2FDE-39CB-8FE0-5DDF11277CC4}.Debug|Win32.Build.0 = Debug|Win32
		{BC7DFE06-2FDE-39CB-8FE0-5DDF11277CC4}.Release|Win32.ActiveCfg = Release|Win32
		{BC7DFE06-2FDE-39CB-8FE0-5DDF11277CC4}.Release|Win32.Build.0 = Release|Win32
		{D230AD96-D2FC-3D13-980B-3AD7483D7067}.Debug|Win32.ActiveCfg = Debug|Win32
		{D230AD96-D2FC-3D13-980B-3AD7483D7067}.Debug|Win32.Build.0 = Debug|Win32
		{D230AD96-D2FC-3D13-980B-3AD7483D7067}.Release|Win32.ActiveCfg = Release|Win32
		{D230AD96-D2FC-3D13-980B-3AD7483D7067}.Release|Win32.Build.0 = Release|Win32
		{7A021D0B-42AA-399D-A6FD-21497401DAA0}.Debug|Win32.ActiveCfg = Debug|Win32
		{7A021D0B-42AA-399D-A6FD-21497401DAA0}.Debug|Win32.Build.0 = Debug|Win32
		{7A021D0B-42AA-399D-A6FD-21497401DAA0}.Release|Win32.ActiveCfg = Release|Win32
		{7A021D0B-42AA-399D-A6FD-21497401DAA0}.Release|Win32.Build.0 = Release|Win32
		{56B8E0D6-3A12-3931-89D4-D88F8B127803}.Debug|Win32.ActiveCfg = Debug|Win32
		{56B8E0D6-3A12-3931-89D4-D88F8B127803}.Debug|Win32.Build.0 = Debug|Win32
		{56B8E0D6-3A12-3931-89D4-D88F8B127803}.Release|Win32.ActiveCfg = Release|Win32
		{56B8E0D6-3A12-3931-89D4-D88F8B127803}.Release|Win32.Build.0 = Release|Win32
		{ED910FFB-01BD-3D9C-9163-EA6433E7F3B1}.Debug|Win32.ActiveCfg = Debug|Win32
		{ED910FFB-01BD-3D9C-9163-EA6433E7F3B1}.Debug|Win32.Build.0 = Debug|Win32
		{ED910FFB-01BD-3D9C-9163-EA6433E7F3B1}.Release|Win32.ActiveCfg = Release|Win32
		{ED910FFB-01BD-3D9C-9163-EA6433E7F3B1}.Release|Win32.Build.0 = Release|Win32
		{C1A69B84-C215-377B-90A5-6F54F31AB13A}.Debug|Win32.ActiveCfg = Debug|Win32
		{C1A69B84-C215-377B-90A5-6F54F31AB13A}.Debug|Win32.Build.0 = Debug|Win32
		{C1A69B84-C215-377B-90A5-6F54F31AB13A}.Release|Win32.ActiveCfg = Release|Win32
		{C1A69B84-C215-377B-90A5-6F54F31AB13A}.Release|Win32.Build.0 = Release|Win32
		{EB653DA0-96CB-376E-8BE7-6B9C67DAA59A}.Debug|Win32.ActiveCfg = Debug|Win32
		{EB653DA0-96CB-376E-8BE7-6B9C67DAA59A}.Debug|Win32.Build.0 = Debug|Win32
		{EB653DA0-96CB-376E-8BE7-6B9C67DAA59A}.Release|Win32.ActiveCfg = Release|Win32
		{EB653DA0-96CB-376E-8BE7-6B9C67DAA59A}.Release|Win32.Build.0 = Release|Win32
		{A6DFA2B2-EB78-3F17-961C-86AF4554EA44}.Debug|Win32.ActiveCfg = Debug|Win32
		{A6DFA2B2-EB78-3F17-961C-86AF4554EA44}.Debug|Win32.Build.0 = Debug|Win32
		{A6DFA2B2-EB78-3F17-961C-86AF4554EA44}.Release|Win32.ActiveCfg = Release|Win32
		{A6DFA2B2-EB78-3F17-961C-86AF4554EA44}.Release|Win32.Build.0 = Release|Win32
		{7CBED15F-98AC-3ADB-85C4-B9D1BB6DBB99}.Debug|Win32.ActiveCfg = Debug|Win32
		{7CBED15F-98AC-3ADB-85C4-B9D1BB6DBB99}.Debug|Win32.Build.0 = Debug|Win32
		{7CBED15F-98AC-3ADB-85C4-B9D1BB6DBB99}.Release|Win32.ActiveCfg = Release|Win32
		{7CBED15F-98AC-3ADB-85C4-B9D1BB6DBB99}.Release|Win32.Build.0 = Release|Win32
		{426311F3-C83A-3759-B971-B25701337149}.Debug|Win32.ActiveCfg = Debug|Win32
		{426311F3-C83A-3759-B971-B25701337149}.Debug|Win32.Build.0 = Debug|Win32
		{426311F3-C83A-3759-B971-B25701337149}.Release|Win32.ActiveCfg = Release|Win32
		{426311F3-C83A-3759-B971-B25701337149}.Release|Win32.Build.0 = Release|Win32
		{639FC6D5-A5DA-34EF-894D-9C7032F05487}.Debug|Win32.ActiveCfg = Debug|Win32
		{639FC6D5-A5DA-34EF-894D-9C7032F05487}.Debug|Win32.Build.0 = Debug|Win32
		{639FC6D5-A5DA-34EF-894D-9C7032F05487}.Release|Win32.ActiveCfg = Release|Win32
		{639FC6D5-A5DA-34EF-894D-9C7032F05487}.Release|Win32.Build.0 = Release|Win32
		{397CB09A-8FF5-3E0A-B808-42D4CAA916B0}.Debug|Win32.ActiveCfg = Debug|Win32
		{397CB09A-8FF5-3E0A-B808-42D4CAA916B0}.Debug|Win32.Build.0 = Debug|Win32
		{397CB09A-8FF5-3E0A-B808-42D4CAA916B0}.Release|Win32.ActiveCfg = Release|Win32
		{397CB09A-8FF5-3E0A-B808-42D4CAA916B0}.Release|Win32.Build.0 = Release|Win32
		{E3935FB2-7F61-3811-A97C-5C8D5442DACC}.Debug|Win32.ActiveCfg = Debug|Win32
		{E3935FB2-7F61-3811-A97C-5C8D5442DACC}.Debug|Win32.Build.0 = Debug|Win32
		{E3935FB2-7F61-3811-A97C-5C8D5442DACC}.Release|Win32.ActiveCfg = Release|Win32
		{E3935FB2-7F61-3811-A97C-5C8D5442DACC}.Release|Win32.Build.0 = Release|Win32
		{A284957C-9B5B-3DE6-8EE5-BC266FB878D5}.Debug|Win32.ActiveCfg = Debug|Win32
		{A284957C-9B5B-3DE6-8EE5-BC266FB878D5}.Debug|Win32.Build.0 = Debug|Win32
		{A284957C-9B5B-3DE6-8EE5-BC266FB878D5}.Release|Win32.ActiveCfg = Release|Win32
		{A284957C-9B5B-3DE6-8EE5-BC266FB878D5}.Release|Win32.Build.0 = Release|Win32
		{54DE668F-5D2F-3B0D-B166-2148B924BC8F}.Debug|Win32.ActiveCfg = Debug|Win32
		{54DE668F-5D2F-3B0D-B166-2148B924BC8F}.Debug|Win32.Build.0 = Debug|Win32
		{54DE668F-5D2F-3B0D-B166-2148B924BC8F}.Release|Win32.ActiveCfg = Release|Win32
		{54DE668F-5D2F-3B0D-B166-2148B924BC8F}.Release|Win32.Build.0 = Release|Win32
		{E3891D4D-E74A-3FAB-AA22-F682307D06F3}.Debug|Win32.ActiveCfg = Debug|Win32
		{E3891D4D-E74A-3FAB-AA22-F682307D06F3}.Debug|Win32.Build.0 = Debug|Win32
		{E3891D4D-E74A-3FAB-AA22-F682307D06F3}.Release|Win32.ActiveCfg = Release|Win32
		{E3891D4D-E74A-3FAB-AA22-F682307D06F3}.Release|Win32.Build.0 = Release|Win32
		{F8148F66-0541-3864-808D-D4A51F0D72D1}.Debug|Win32.ActiveCfg = Debug|Win32
		{F8148F66-0541-3864-808D-D4A51F0D72D1}.Debug|Win32.Build.0 = Debug|Win32
		{F8148F66-0541-3864-808D-D4A51F0D72D1}.Release|Win32.ActiveCfg = Release|Win32
		{F8148F66-0541-3864-808D-D4A51F0D72D1}.Release|Win32.Build.0 = Release|Win32
		{896F1AB3-0254-348B-9B88-181E8D1C02E9}.Debug|Win32.ActiveCfg = Debug|Win32
		{896F1AB3-0254-348B-9B88-181E8D1C02E9}.Debug|Win32.Build.0 = Debug|Win32
		{896F1AB3-0254-348B-9B88-181E8D1C02E9}.Release|Win32.ActiveCfg = Release|Win32
		{896F1AB3-0254-348B-9B88-181E8D1C02E9}.Release|Win32.Build.0 = Release|Win32
		{755394FB-A433-3653-9232-3B6DDB66A2C5}.Debug|Win32.ActiveCfg = Debug|Win32
		{755394FB-A433-3653-9232-3B6DDB66A2C5}.Debug|Win32.Build.0 = Debug|Win32
		{755394FB-A433-3653-9232-3B6DDB66A2C5}.Release|Win32.ActiveCfg = Release|Win32
		{755394FB-A433-3653-9232-3B6DDB66A2C5}.Release|Win32.Build.0 = Release|Win32
		{DEE9708E-32EF-3BFD-99B6-D089FF932C77}.Debug|Win32.ActiveCfg = Debug|Win32
		{DEE9708E-32EF-3BFD-99B6-D089FF932C77}.Debug|Win32.Build.0 = Debug|Win32
		{DEE9708E-32EF-3BFD-99B6-D089FF932C77}.Release|Win32.ActiveCfg = Release|Win32
		{DEE9708E-32EF-3BFD-99B6-D089FF932C77}.Release|Win32.Build.0 = Release|Win32
		{ED2E7128-2A87-3A5A-A7B0-0295A0628A29}.Debug|Win32.ActiveCfg = Debug|Win32
		{ED2E7128-2A87-3A5A-A7B0-0295A0628A29}.Debug|Win32.Build.0 = Debug|Win32
		{ED2E7128-2A87-3A5A-A7B0-0295A0628A29}.Release|Win32.ActiveCfg = Release|Win32
		{ED2E7128-2A87-3A5A-A7B0-0295A0628A29}.Release|Win32.Build.0 = Release|Win32
		{10FE3EBA-779C-3D52-99D5-E5E45CF99969}.Debug|Win32.ActiveCfg = Debug|Win32
		{10FE3EBA-779C-3D52-99D5-E5E45CF99969}.Debug|Win32.Build.0 = Debug|Win32
		{10FE3EBA-779C-3D52-99D5-E5E45CF99969}.Release|Win32.ActiveCfg = Release|Win32
		{10FE3EBA-779C-3D52-99D5-E5E45CF99969}.Release|Win32.Build.0 = Release|Win32
		{B74865B7-0702-3E95-9051-5ACEBD378532}.Debug|Win32.ActiveCfg = Debug|Win32
		{B74865B7-0702-3E95-9051-5ACEBD378532}.Debug|Win32.Build.0 = Debug|Win32
		{B74865B7-0702-3E95-9051-5ACEBD378532}.Release|Win32.ActiveCfg = Release|Win32
		{B74865B7-0702-3E95-9051-5ACEBD378532}.Release|Win32.Build.0 = Release|Win32
		{322B7BFD-0E2F-3934-A862-6D9467716C74}.Debug|Win32.ActiveCfg = Debug|Win32
		{322B7BFD-0E2F-3934-A862-6D9467716C74}.Debug|Win32.Build.0 = Debug|Win32
		{322B7BFD-0E2F-3934-A862-6D9467716C74}.Release|Win32.ActiveCfg = Release|Win32
		{322B7BFD-0E2F-3934-A862-6D9467716C74}.Release|Win32.Build.0 = Release|Win32
		{50C47181-7403-371E-85A8-E0B35D34D37A}.Debug|Win32.ActiveCfg = Debug|Win32
		{50C47181-7403-371E-85A8-E0B35D34D37A}.Debug|Win32.Build.0 = Debug|Win32
		{50C47181-7403-371E-85A8-E0B35D34D37A}.Release|Win32.ActiveCfg = Release|Win32
		{50C47181-7403-371E-85A8-E0B35D34D37A}.Release|Win32.Build.0 = Release|Win32
	EndGlobalSection
	GlobalSection(SolutionProperties) = preSolution
		HideSolutionNode = FALSE
	EndGlobalSection
	GlobalSection(NestedProjects) = preSolution
		{9FB6958F-4AE6-3726-A68D-144673209A3A} = {DAD1DC0E-CD4D-4D50-944F-3345541043CC}
		{BC7DFE06-2FDE-39CB-8FE0-5DDF11277CC4} = {DAD1DC0E-CD4D-4D50-944F-3345541043CC}
		{D230AD96-D2FC-3D13-980B-3AD7483D7067} = {DAD1DC0E-CD4D-4D50-944F-3345541043CC}
		{7A021D0B-42AA-399D-A6FD-21497401DAA0} = {DAD1DC0E-CD4D-4D50-944F-3345541043CC}
		{56B8E0D6-3A12-3931-89D4-D88F8B127803} = {DAD1DC0E-CD4D-4D50-944F-3345541043CC}
		{2B5E5173-827E-3E25-8E85-C1F0FFCD58AF} = {DAD1DC0E-CD4D-4D50-944F-3345541043CC}
		{F8148F66-0541-3864-808D-D4A51F0D72D1} = {DAD1DC0E-CD4D-4D50-944F-3345541043CC}
		{896F1AB3-0254-348B-9B88-181E8D1C02E9} = {DAD1DC0E-CD4D-4D50-944F-3345541043CC}
		{ED2E7128-2A87-3A5A-A7B0-0295A0628A29} = {DAD1DC0E-CD4D-4D50-944F-3345541043CC}
		{10FE3EBA-779C-3D52-99D5-E5E45CF99969} = {DAD1DC0E-CD4D-4D50-944F-3345541043CC}
		{F1E33A5E-A347-40F8-A34A-5EB534D84C77} = {7E3A1493-014C-436A-8A0B-FD579ADA6531}
		{7CBED15F-98AC-3ADB-85C4-B9D1BB6DBB99} = {7E3A1493-014C-436A-8A0B-FD579ADA6531}
		{426311F3-C83A-3759-B971-B25701337149} = {7E3A1493-014C-436A-8A0B-FD579ADA6531}
		{E22EC8FD-71BB-4904-B623-F9C9A7E805BD} = {7E3A1493-014C-436A-8A0B-FD579ADA6531}
		{A284957C-9B5B-3DE6-8EE5-BC266FB878D5} = {7E3A1493-014C-436A-8A0B-FD579ADA6531}
		{54DE668F-5D2F-3B0D-B166-2148B924BC8F} = {7E3A1493-014C-436A-8A0B-FD579ADA6531}
		{755394FB-A433-3653-9232-3B6DDB66A2C5} = {7E3A1493-014C-436A-8A0B-FD579ADA6531}
		{B74865B7-0702-3E95-9051-5ACEBD378532} = {7E3A1493-014C-436A-8A0B-FD579ADA6531}
		{322B7BFD-0E2F-3934-A862-6D9467716C74} = {7E3A1493-014C-436A-8A0B-FD579ADA6531}
		{A6DFA2B2-EB78-3F17-961C-86AF4554EA44} = {F1E33A5E-A347-40F8-A34A-5EB534D84C77}
		{EB653DA0-96CB-376E-8BE7-6B9C67DAA59A} = {F1E33A5E-A347-40F8-A34A-5EB534D84C77}
		{397CB09A-8FF5-3E0A-B808-42D4CAA916B0} = {E22EC8FD-71BB-4904-B623-F9C9A7E805BD}
		{E3935FB2-7F61-3811-A97C-5C8D5442DACC} = {E22EC8FD-71BB-4904-B623-F9C9A7E805BD}
		{C1A69B84-C215-377B-90A5-6F54F31AB13A} = {E22EC8FD-71BB-4904-B623-F9C9A7E805BD}
		{639FC6D5-A5DA-34EF-894D-9C7032F05487} = {E22EC8FD-71BB-4904-B623-F9C9A7E805BD}
	EndGlobalSection
EndGlobal
