Microsoft Visual Studio Solution File, Format Version 10.00
# Visual Studio 2008
Project("{8BC9CEB8-8B4A-11D0-8D11-00A0C91BC942}") = "png", "third-part\png\png.vcproj", "{2B5E5173-827E-3E25-8E85-C1F0FFCD58AF}"
EndProject
Project("{8BC9CEB8-8B4A-11D0-8D11-00A0C91BC942}") = "skia", "third-part\skia\skia.vcproj", "{9FB6958F-4AE6-3726-A68D-144673209A3A}"
EndProject
Project("{8BC9CEB8-8B4A-11D0-8D11-00A0C91BC942}") = "zlib", "third-part\zlib\zlib.vcproj", "{BC7DFE06-2FDE-39CB-8FE0-5DDF11277CC4}"
EndProject
Project("{8BC9CEB8-8B4A-11D0-8D11-00A0C91BC942}") = "lua-52", "third-part\lua-52\lua-52.vcproj", "{D230AD96-D2FC-3D13-980B-3AD7483D7067}"
EndProject
Project("{8BC9CEB8-8B4A-11D0-8D11-00A0C91BC942}") = "smiley", "third-part\smiley\smiley.vcproj", "{7A021D0B-42AA-399D-A6FD-21497401DAA0}"
EndProject
Project("{8BC9CEB8-8B4A-11D0-8D11-00A0C91BC942}") = "mhook", "third-part\mhook\mhook.vcproj", "{56B8E0D6-3A12-3931-89D4-D88F8B127803}"
EndProject
Project("{8BC9CEB8-8B4A-11D0-8D11-00A0C91BC942}") = "utilities", "utilities\utilities.vcproj", "{6DE24F7C-FB5C-3DEF-9008-06B025FB8AE8}"
EndProject
Project("{8BC9CEB8-8B4A-11D0-8D11-00A0C91BC942}") = "soui", "SOUI\soui.vcproj", "{7B004D56-D83C-3777-B5A0-EA3E116C2312}"
	ProjectSection(ProjectDependencies) = postProject
		{6DE24F7C-FB5C-3DEF-9008-06B025FB8AE8} = {6DE24F7C-FB5C-3DEF-9008-06B025FB8AE8}
		{01EDEB62-60AA-397A-A283-39A26573CC3F} = {01EDEB62-60AA-397A-A283-39A26573CC3F}
	EndProjectSection
EndProject
Project("{8BC9CEB8-8B4A-11D0-8D11-00A0C91BC942}") = "imgdecoder-wic", "components\imgdecoder-wic\imgdecoder-wic.vcproj", "{9B26D6BB-5272-3C95-9B59-9FE0C76D5FB9}"
EndProject
Project("{8BC9CEB8-8B4A-11D0-8D11-00A0C91BC942}") = "render-gdi", "components\render-gdi\render-gdi.vcproj", "{DAC77DA3-60A5-3718-A033-13F1E13FBBA2}"
	ProjectSection(ProjectDependencies) = postProject
		{6DE24F7C-FB5C-3DEF-9008-06B025FB8AE8} = {6DE24F7C-FB5C-3DEF-9008-06B025FB8AE8}
	EndProjectSection
EndProject
Project("{8BC9CEB8-8B4A-11D0-8D11-00A0C91BC942}") = "render-skia", "components\render-skia\render-skia.vcproj", "{B211D5BB-6D70-36DD-873C-3049573E1CDC}"
	ProjectSection(ProjectDependencies) = postProject
		{6DE24F7C-FB5C-3DEF-9008-06B025FB8AE8} = {6DE24F7C-FB5C-3DEF-9008-06B025FB8AE8}
		{9FB6958F-4AE6-3726-A68D-144673209A3A} = {9FB6958F-4AE6-3726-A68D-144673209A3A}
	EndProjectSection
EndProject
Project("{8BC9CEB8-8B4A-11D0-8D11-00A0C91BC942}") = "translator", "components\translator\translator.vcproj", "{50F44F7A-49C3-3D59-9AB1-3877C9B30FF2}"
	ProjectSection(ProjectDependencies) = postProject
		{6DE24F7C-FB5C-3DEF-9008-06B025FB8AE8} = {6DE24F7C-FB5C-3DEF-9008-06B025FB8AE8}
	EndProjectSection
EndProject
Project("{8BC9CEB8-8B4A-11D0-8D11-00A0C91BC942}") = "resprovider-zip", "components\resprovider-zip\resprovider-zip.vcproj", "{8D2DCD32-E977-3E73-A7A5-D0DFD76CDB9F}"
	ProjectSection(ProjectDependencies) = postProject
		{6DE24F7C-FB5C-3DEF-9008-06B025FB8AE8} = {6DE24F7C-FB5C-3DEF-9008-06B025FB8AE8}
		{6DE24F7C-FB5C-3DEF-9008-06B025FB8AE8} = {6DE24F7C-FB5C-3DEF-9008-06B025FB8AE8}
		{BC7DFE06-2FDE-39CB-8FE0-5DDF11277CC4} = {BC7DFE06-2FDE-39CB-8FE0-5DDF11277CC4}
	EndProjectSection
EndProject
Project("{8BC9CEB8-8B4A-11D0-8D11-00A0C91BC942}") = "imgdecoder-stb", "components\imgdecoder-stb\imgdecoder-stb.vcproj", "{9C55FF14-3F9D-314A-8B83-2D4C72927775}"
EndProject
Project("{8BC9CEB8-8B4A-11D0-8D11-00A0C91BC942}") = "imgdecoder-png", "components\imgdecoder-png\imgdecoder-png.vcproj", "{4E60033E-D862-35E8-84F3-B50B9E55B3B4}"
	ProjectSection(ProjectDependencies) = postProject
		{2B5E5173-827E-3E25-8E85-C1F0FFCD58AF} = {2B5E5173-827E-3E25-8E85-C1F0FFCD58AF}
		{BC7DFE06-2FDE-39CB-8FE0-5DDF11277CC4} = {BC7DFE06-2FDE-39CB-8FE0-5DDF11277CC4}
	EndProjectSection
EndProject
Project("{8BC9CEB8-8B4A-11D0-8D11-00A0C91BC942}") = "imgdecoder-gdip", "components\imgdecoder-gdip\imgdecoder-gdip.vcproj", "{8E75C591-5C72-30B3-AFEC-BFCEE2005573}"
EndProject
Project("{8BC9CEB8-8B4A-11D0-8D11-00A0C91BC942}") = "scriptmodule-lua", "components\ScriptModule-LUA\scriptmodule-lua.vcproj", "{39C639DA-830F-3CB8-AEBC-B7A88CCCE06B}"
	ProjectSection(ProjectDependencies) = postProject
		{7B004D56-D83C-3777-B5A0-EA3E116C2312} = {7B004D56-D83C-3777-B5A0-EA3E116C2312}
		{D230AD96-D2FC-3D13-980B-3AD7483D7067} = {D230AD96-D2FC-3D13-980B-3AD7483D7067}
	EndProjectSection
EndProject
Project("{8BC9CEB8-8B4A-11D0-8D11-00A0C91BC942}") = "log4z", "components\log4z\log4z.vcproj", "{3B39975F-6787-3493-AF59-2F6C908A89FE}"
EndProject
Project("{8BC9CEB8-8B4A-11D0-8D11-00A0C91BC942}") = "demo", "demo\demo.vcproj", "{F72D96A9-7BB4-3D32-A832-099EFD826EBE}"
	ProjectSection(ProjectDependencies) = postProject
		{7B004D56-D83C-3777-B5A0-EA3E116C2312} = {7B004D56-D83C-3777-B5A0-EA3E116C2312}
		{9B26D6BB-5272-3C95-9B59-9FE0C76D5FB9} = {9B26D6BB-5272-3C95-9B59-9FE0C76D5FB9}
		{56B8E0D6-3A12-3931-89D4-D88F8B127803} = {56B8E0D6-3A12-3931-89D4-D88F8B127803}
		{7A021D0B-42AA-399D-A6FD-21497401DAA0} = {7A021D0B-42AA-399D-A6FD-21497401DAA0}
		{39C639DA-830F-3CB8-AEBC-B7A88CCCE06B} = {39C639DA-830F-3CB8-AEBC-B7A88CCCE06B}
		{9C55FF14-3F9D-314A-8B83-2D4C72927775} = {9C55FF14-3F9D-314A-8B83-2D4C72927775}
		{50F44F7A-49C3-3D59-9AB1-3877C9B30FF2} = {50F44F7A-49C3-3D59-9AB1-3877C9B30FF2}
		{B211D5BB-6D70-36DD-873C-3049573E1CDC} = {B211D5BB-6D70-36DD-873C-3049573E1CDC}
		{4E60033E-D862-35E8-84F3-B50B9E55B3B4} = {4E60033E-D862-35E8-84F3-B50B9E55B3B4}
		{8D2DCD32-E977-3E73-A7A5-D0DFD76CDB9F} = {8D2DCD32-E977-3E73-A7A5-D0DFD76CDB9F}
		{F7ED4069-E0DD-3C1F-986B-753B12449CFB} = {F7ED4069-E0DD-3C1F-986B-753B12449CFB}
		{8E75C591-5C72-30B3-AFEC-BFCEE2005573} = {8E75C591-5C72-30B3-AFEC-BFCEE2005573}
		{DAC77DA3-60A5-3718-A033-13F1E13FBBA2} = {DAC77DA3-60A5-3718-A033-13F1E13FBBA2}
	EndProjectSection
EndProject
Project("{2150E333-8FDC-42A3-9474-1A3956D46DE8}") = "components", "components", "{7E3A1493-014C-436A-8A0B-FD579ADA6531}"
EndProject
Project("{2150E333-8FDC-42A3-9474-1A3956D46DE8}") = "third-part", "third-part", "{DAD1DC0E-CD4D-4D50-944F-3345541043CC}"
EndProject
Project("{2150E333-8FDC-42A3-9474-1A3956D46DE8}") = "imgdecoder", "imgdecoder", "{E22EC8FD-71BB-4904-B623-F9C9A7E805BD}"
EndProject
Project("{2150E333-8FDC-42A3-9474-1A3956D46DE8}") = "render", "render", "{F1E33A5E-A347-40F8-A34A-5EB534D84C77}"
EndProject
Project("{8BC9CEB8-8B4A-11D0-8D11-00A0C91BC942}") = "gtest", "third-part\gtest\gtest.vcproj", "{F8148F66-0541-3864-808D-D4A51F0D72D1}"
EndProject
Project("{8BC9CEB8-8B4A-11D0-8D11-00A0C91BC942}") = "7z", "third-part\7z\7z.vcproj", "{896F1AB3-0254-348B-9B88-181E8D1C02E9}"
EndProject
Project("{8BC9CEB8-8B4A-11D0-8D11-00A0C91BC942}") = "resprovider-7zip", "components\resprovider-7zip\resprovider-7zip.vcproj", "{F7ED4069-E0DD-3C1F-986B-753B12449CFB}"
	ProjectSection(ProjectDependencies) = postProject
		{6DE24F7C-FB5C-3DEF-9008-06B025FB8AE8} = {6DE24F7C-FB5C-3DEF-9008-06B025FB8AE8}
		{896F1AB3-0254-348B-9B88-181E8D1C02E9} = {896F1AB3-0254-348B-9B88-181E8D1C02E9}
	EndProjectSection
EndProject
Project("{8BC9CEB8-8B4A-11D0-8D11-00A0C91BC942}") = "soui-sys-resource", "soui-sys-resource\soui-sys-resource.vcproj", "{01EDEB62-60AA-397A-A283-39A26573CC3F}"
EndProject
Project("{8BC9CEB8-8B4A-11D0-8D11-00A0C91BC942}") = "scintilla", "third-part\Scintilla\scintilla.vcproj", "{ED2E7128-2A87-3A5A-A7B0-0295A0628A29}"
EndProject
Project("{8BC9CEB8-8B4A-11D0-8D11-00A0C91BC942}") = "jsoncpp", "third-part\jsoncpp\jsoncpp.vcproj", "{10FE3EBA-779C-3D52-99D5-E5E45CF99969}"
EndProject
Project("{8BC9CEB8-8B4A-11D0-8D11-00A0C91BC942}") = "TaskLoop", "components\TaskLoop\TaskLoop.vcproj", "{A9B045BF-AD53-32B4-A1CC-257067C9FB85}"
EndProject
Project("{8BC9CEB8-8B4A-11D0-8D11-00A0C91BC942}") = "SIpcObject", "components\SIpcObject\SIpcObject.vcproj", "{F253BEA3-4AD5-3CE7-98E9-B648CB61FA52}"
EndProject
Project("{8BC9CEB8-8B4A-11D0-8D11-00A0C91BC942}") = "demo2", "demo2\demo2.vcproj", "{2C81BE0F-C31D-3861-BDAD-299CD2C832EB}"
EndProject
Global
	GlobalSection(SolutionConfigurationPlatforms) = preSolution
		Debug|Win32 = Debug|Win32
		Release|Win32 = Release|Win32
	EndGlobalSection
	GlobalSection(ProjectConfigurationPlatforms) = postSolution
		{2B5E5173-827E-3E25-8E85-C1F0FFCD58AF}.Debug|Win32.ActiveCfg = Debug|Win32
		{2B5E5173-827E-3E25-8E85-C1F0FFCD58AF}.Debug|Win32.Build.0 = Debug|Win32
		{2B5E5173-827E-3E25-8E85-C1F0FFCD58AF}.Release|Win32.ActiveCfg = Release|Win32
		{2B5E5173-827E-3E25-8E85-C1F0FFCD58AF}.Release|Win32.Build.0 = Release|Win32
		{9FB6958F-4AE6-3726-A68D-144673209A3A}.Debug|Win32.ActiveCfg = Debug|Win32
		{9FB6958F-4AE6-3726-A68D-144673209A3A}.Debug|Win32.Build.0 = Debug|Win32
		{9FB6958F-4AE6-3726-A68D-144673209A3A}.Release|Win32.ActiveCfg = Release|Win32
		{9FB6958F-4AE6-3726-A68D-144673209A3A}.Release|Win32.Build.0 = Release|Win32
		{BC7DFE06-2FDE-39CB-8FE0-5DDF11277CC4}.Debug|Win32.ActiveCfg = Debug|Win32
		{BC7DFE06-2FDE-39CB-8FE0-5DDF11277CC4}.Debug|Win32.Build.0 = Debug|Win32
		{BC7DFE06-2FDE-39CB-8FE0-5DDF11277CC4}.Release|Win32.ActiveCfg = Release|Win32
		{BC7DFE06-2FDE-39CB-8FE0-5DDF11277CC4}.Release|Win32.Build.0 = Release|Win32
		{D230AD96-D2FC-3D13-980B-3AD7483D7067}.Debug|Win32.ActiveCfg = Debug|Win32
		{D230AD96-D2FC-3D13-980B-3AD7483D7067}.Debug|Win32.Build.0 = Debug|Win32
		{D230AD96-D2FC-3D13-980B-3AD7483D7067}.Release|Win32.ActiveCfg = Release|Win32
		{D230AD96-D2FC-3D13-980B-3AD7483D7067}.Release|Win32.Build.0 = Release|Win32
		{7A021D0B-42AA-399D-A6FD-21497401DAA0}.Debug|Win32.ActiveCfg = Debug|Win32
		{7A021D0B-42AA-399D-A6FD-21497401DAA0}.Debug|Win32.Build.0 = Debug|Win32
		{7A021D0B-42AA-399D-A6FD-21497401DAA0}.Release|Win32.ActiveCfg = Release|Win32
		{7A021D0B-42AA-399D-A6FD-21497401DAA0}.Release|Win32.Build.0 = Release|Win32
		{56B8E0D6-3A12-3931-89D4-D88F8B127803}.Debug|Win32.ActiveCfg = Debug|Win32
		{56B8E0D6-3A12-3931-89D4-D88F8B127803}.Debug|Win32.Build.0 = Debug|Win32
		{56B8E0D6-3A12-3931-89D4-D88F8B127803}.Release|Win32.ActiveCfg = Release|Win32
		{56B8E0D6-3A12-3931-89D4-D88F8B127803}.Release|Win32.Build.0 = Release|Win32
		{6DE24F7C-FB5C-3DEF-9008-06B025FB8AE8}.Debug|Win32.ActiveCfg = Debug|Win32
		{6DE24F7C-FB5C-3DEF-9008-06B025FB8AE8}.Debug|Win32.Build.0 = Debug|Win32
		{6DE24F7C-FB5C-3DEF-9008-06B025FB8AE8}.Release|Win32.ActiveCfg = Release|Win32
		{6DE24F7C-FB5C-3DEF-9008-06B025FB8AE8}.Release|Win32.Build.0 = Release|Win32
		{7B004D56-D83C-3777-B5A0-EA3E116C2312}.Debug|Win32.ActiveCfg = Debug|Win32
		{7B004D56-D83C-3777-B5A0-EA3E116C2312}.Debug|Win32.Build.0 = Debug|Win32
		{7B004D56-D83C-3777-B5A0-EA3E116C2312}.Release|Win32.ActiveCfg = Release|Win32
		{7B004D56-D83C-3777-B5A0-EA3E116C2312}.Release|Win32.Build.0 = Release|Win32
		{9B26D6BB-5272-3C95-9B59-9FE0C76D5FB9}.Debug|Win32.ActiveCfg = Debug|Win32
		{9B26D6BB-5272-3C95-9B59-9FE0C76D5FB9}.Debug|Win32.Build.0 = Debug|Win32
		{9B26D6BB-5272-3C95-9B59-9FE0C76D5FB9}.Release|Win32.ActiveCfg = Release|Win32
		{9B26D6BB-5272-3C95-9B59-9FE0C76D5FB9}.Release|Win32.Build.0 = Release|Win32
		{DAC77DA3-60A5-3718-A033-13F1E13FBBA2}.Debug|Win32.ActiveCfg = Debug|Win32
		{DAC77DA3-60A5-3718-A033-13F1E13FBBA2}.Debug|Win32.Build.0 = Debug|Win32
		{DAC77DA3-60A5-3718-A033-13F1E13FBBA2}.Release|Win32.ActiveCfg = Release|Win32
		{DAC77DA3-60A5-3718-A033-13F1E13FBBA2}.Release|Win32.Build.0 = Release|Win32
		{B211D5BB-6D70-36DD-873C-3049573E1CDC}.Debug|Win32.ActiveCfg = Debug|Win32
		{B211D5BB-6D70-36DD-873C-3049573E1CDC}.Debug|Win32.Build.0 = Debug|Win32
		{B211D5BB-6D70-36DD-873C-3049573E1CDC}.Release|Win32.ActiveCfg = Release|Win32
		{B211D5BB-6D70-36DD-873C-3049573E1CDC}.Release|Win32.Build.0 = Release|Win32
		{50F44F7A-49C3-3D59-9AB1-3877C9B30FF2}.Debug|Win32.ActiveCfg = Debug|Win32
		{50F44F7A-49C3-3D59-9AB1-3877C9B30FF2}.Debug|Win32.Build.0 = Debug|Win32
		{50F44F7A-49C3-3D59-9AB1-3877C9B30FF2}.Release|Win32.ActiveCfg = Release|Win32
		{50F44F7A-49C3-3D59-9AB1-3877C9B30FF2}.Release|Win32.Build.0 = Release|Win32
		{8D2DCD32-E977-3E73-A7A5-D0DFD76CDB9F}.Debug|Win32.ActiveCfg = Debug|Win32
		{8D2DCD32-E977-3E73-A7A5-D0DFD76CDB9F}.Debug|Win32.Build.0 = Debug|Win32
		{8D2DCD32-E977-3E73-A7A5-D0DFD76CDB9F}.Release|Win32.ActiveCfg = Release|Win32
		{8D2DCD32-E977-3E73-A7A5-D0DFD76CDB9F}.Release|Win32.Build.0 = Release|Win32
		{9C55FF14-3F9D-314A-8B83-2D4C72927775}.Debug|Win32.ActiveCfg = Debug|Win32
		{9C55FF14-3F9D-314A-8B83-2D4C72927775}.Debug|Win32.Build.0 = Debug|Win32
		{9C55FF14-3F9D-314A-8B83-2D4C72927775}.Release|Win32.ActiveCfg = Release|Win32
		{9C55FF14-3F9D-314A-8B83-2D4C72927775}.Release|Win32.Build.0 = Release|Win32
		{4E60033E-D862-35E8-84F3-B50B9E55B3B4}.Debug|Win32.ActiveCfg = Debug|Win32
		{4E60033E-D862-35E8-84F3-B50B9E55B3B4}.Debug|Win32.Build.0 = Debug|Win32
		{4E60033E-D862-35E8-84F3-B50B9E55B3B4}.Release|Win32.ActiveCfg = Release|Win32
		{4E60033E-D862-35E8-84F3-B50B9E55B3B4}.Release|Win32.Build.0 = Release|Win32
		{8E75C591-5C72-30B3-AFEC-BFCEE2005573}.Debug|Win32.ActiveCfg = Debug|Win32
		{8E75C591-5C72-30B3-AFEC-BFCEE2005573}.Debug|Win32.Build.0 = Debug|Win32
		{8E75C591-5C72-30B3-AFEC-BFCEE2005573}.Release|Win32.ActiveCfg = Release|Win32
		{8E75C591-5C72-30B3-AFEC-BFCEE2005573}.Release|Win32.Build.0 = Release|Win32
		{39C639DA-830F-3CB8-AEBC-B7A88CCCE06B}.Debug|Win32.ActiveCfg = Debug|Win32
		{39C639DA-830F-3CB8-AEBC-B7A88CCCE06B}.Debug|Win32.Build.0 = Debug|Win32
		{39C639DA-830F-3CB8-AEBC-B7A88CCCE06B}.Release|Win32.ActiveCfg = Release|Win32
		{39C639DA-830F-3CB8-AEBC-B7A88CCCE06B}.Release|Win32.Build.0 = Release|Win32
		{3B39975F-6787-3493-AF59-2F6C908A89FE}.Debug|Win32.ActiveCfg = Debug|Win32
		{3B39975F-6787-3493-AF59-2F6C908A89FE}.Debug|Win32.Build.0 = Debug|Win32
		{3B39975F-6787-3493-AF59-2F6C908A89FE}.Release|Win32.ActiveCfg = Release|Win32
		{3B39975F-6787-3493-AF59-2F6C908A89FE}.Release|Win32.Build.0 = Release|Win32
		{F72D96A9-7BB4-3D32-A832-099EFD826EBE}.Debug|Win32.ActiveCfg = Debug|Win32
		{F72D96A9-7BB4-3D32-A832-099EFD826EBE}.Debug|Win32.Build.0 = Debug|Win32
		{F72D96A9-7BB4-3D32-A832-099EFD826EBE}.Release|Win32.ActiveCfg = Release|Win32
		{F72D96A9-7BB4-3D32-A832-099EFD826EBE}.Release|Win32.Build.0 = Release|Win32
		{F8148F66-0541-3864-808D-D4A51F0D72D1}.Debug|Win32.ActiveCfg = Debug|Win32
		{F8148F66-0541-3864-808D-D4A51F0D72D1}.Debug|Win32.Build.0 = Debug|Win32
		{F8148F66-0541-3864-808D-D4A51F0D72D1}.Release|Win32.ActiveCfg = Release|Win32
		{F8148F66-0541-3864-808D-D4A51F0D72D1}.Release|Win32.Build.0 = Release|Win32
		{896F1AB3-0254-348B-9B88-181E8D1C02E9}.Debug|Win32.ActiveCfg = Debug|Win32
		{896F1AB3-0254-348B-9B88-181E8D1C02E9}.Debug|Win32.Build.0 = Debug|Win32
		{896F1AB3-0254-348B-9B88-181E8D1C02E9}.Release|Win32.ActiveCfg = Release|Win32
		{896F1AB3-0254-348B-9B88-181E8D1C02E9}.Release|Win32.Build.0 = Release|Win32
		{F7ED4069-E0DD-3C1F-986B-753B12449CFB}.Debug|Win32.ActiveCfg = Debug|Win32
		{F7ED4069-E0DD-3C1F-986B-753B12449CFB}.Debug|Win32.Build.0 = Debug|Win32
		{F7ED4069-E0DD-3C1F-986B-753B12449CFB}.Release|Win32.ActiveCfg = Release|Win32
		{F7ED4069-E0DD-3C1F-986B-753B12449CFB}.Release|Win32.Build.0 = Release|Win32
		{01EDEB62-60AA-397A-A283-39A26573CC3F}.Debug|Win32.ActiveCfg = Debug|Win32
		{01EDEB62-60AA-397A-A283-39A26573CC3F}.Debug|Win32.Build.0 = Debug|Win32
		{01EDEB62-60AA-397A-A283-39A26573CC3F}.Release|Win32.ActiveCfg = Release|Win32
		{01EDEB62-60AA-397A-A283-39A26573CC3F}.Release|Win32.Build.0 = Release|Win32
		{ED2E7128-2A87-3A5A-A7B0-0295A0628A29}.Debug|Win32.ActiveCfg = Debug|Win32
		{ED2E7128-2A87-3A5A-A7B0-0295A0628A29}.Debug|Win32.Build.0 = Debug|Win32
		{ED2E7128-2A87-3A5A-A7B0-0295A0628A29}.Release|Win32.ActiveCfg = Release|Win32
		{ED2E7128-2A87-3A5A-A7B0-0295A0628A29}.Release|Win32.Build.0 = Release|Win32
		{10FE3EBA-779C-3D52-99D5-E5E45CF99969}.Debug|Win32.ActiveCfg = Debug|Win32
		{10FE3EBA-779C-3D52-99D5-E5E45CF99969}.Debug|Win32.Build.0 = Debug|Win32
		{10FE3EBA-779C-3D52-99D5-E5E45CF99969}.Release|Win32.ActiveCfg = Release|Win32
		{10FE3EBA-779C-3D52-99D5-E5E45CF99969}.Release|Win32.Build.0 = Release|Win32
		{A9B045BF-AD53-32B4-A1CC-257067C9FB85}.Debug|Win32.ActiveCfg = Debug|Win32
		{A9B045BF-AD53-32B4-A1CC-257067C9FB85}.Debug|Win32.Build.0 = Debug|Win32
		{A9B045BF-AD53-32B4-A1CC-257067C9FB85}.Release|Win32.ActiveCfg = Release|Win32
		{A9B045BF-AD53-32B4-A1CC-257067C9FB85}.Release|Win32.Build.0 = Release|Win32
		{F253BEA3-4AD5-3CE7-98E9-B648CB61FA52}.Debug|Win32.ActiveCfg = Debug|Win32
		{F253BEA3-4AD5-3CE7-98E9-B648CB61FA52}.Debug|Win32.Build.0 = Debug|Win32
		{F253BEA3-4AD5-3CE7-98E9-B648CB61FA52}.Release|Win32.ActiveCfg = Release|Win32
		{F253BEA3-4AD5-3CE7-98E9-B648CB61FA52}.Release|Win32.Build.0 = Release|Win32
		{2C81BE0F-C31D-3861-BDAD-299CD2C832EB}.Debug|Win32.ActiveCfg = Debug|Win32
		{2C81BE0F-C31D-3861-BDAD-299CD2C832EB}.Debug|Win32.Build.0 = Debug|Win32
		{2C81BE0F-C31D-3861-BDAD-299CD2C832EB}.Release|Win32.ActiveCfg = Release|Win32
		{2C81BE0F-C31D-3861-BDAD-299CD2C832EB}.Release|Win32.Build.0 = Release|Win32
	EndGlobalSection
	GlobalSection(SolutionProperties) = preSolution
		HideSolutionNode = FALSE
	EndGlobalSection
	GlobalSection(NestedProjects) = preSolution
		{9FB6958F-4AE6-3726-A68D-144673209A3A} = {DAD1DC0E-CD4D-4D50-944F-3345541043CC}
		{BC7DFE06-2FDE-39CB-8FE0-5DDF11277CC4} = {DAD1DC0E-CD4D-4D50-944F-3345541043CC}
		{D230AD96-D2FC-3D13-980B-3AD7483D7067} = {DAD1DC0E-CD4D-4D50-944F-3345541043CC}
		{7A021D0B-42AA-399D-A6FD-21497401DAA0} = {DAD1DC0E-CD4D-4D50-944F-3345541043CC}
		{56B8E0D6-3A12-3931-89D4-D88F8B127803} = {DAD1DC0E-CD4D-4D50-944F-3345541043CC}
		{2B5E5173-827E-3E25-8E85-C1F0FFCD58AF} = {DAD1DC0E-CD4D-4D50-944F-3345541043CC}
		{F8148F66-0541-3864-808D-D4A51F0D72D1} = {DAD1DC0E-CD4D-4D50-944F-3345541043CC}
		{896F1AB3-0254-348B-9B88-181E8D1C02E9} = {DAD1DC0E-CD4D-4D50-944F-3345541043CC}
		{ED2E7128-2A87-3A5A-A7B0-0295A0628A29} = {DAD1DC0E-CD4D-4D50-944F-3345541043CC}
		{10FE3EBA-779C-3D52-99D5-E5E45CF99969} = {DAD1DC0E-CD4D-4D50-944F-3345541043CC}
		{F1E33A5E-A347-40F8-A34A-5EB534D84C77} = {7E3A1493-014C-436A-8A0B-FD579ADA6531}
		{50F44F7A-49C3-3D59-9AB1-3877C9B30FF2} = {7E3A1493-014C-436A-8A0B-FD579ADA6531}
		{8D2DCD32-E977-3E73-A7A5-D0DFD76CDB9F} = {7E3A1493-014C-436A-8A0B-FD579ADA6531}
		{E22EC8FD-71BB-4904-B623-F9C9A7E805BD} = {7E3A1493-014C-436A-8A0B-FD579ADA6531}
		{39C639DA-830F-3CB8-AEBC-B7A88CCCE06B} = {7E3A1493-014C-436A-8A0B-FD579ADA6531}
		{3B39975F-6787-3493-AF59-2F6C908A89FE} = {7E3A1493-014C-436A-8A0B-FD579ADA6531}
		{F7ED4069-E0DD-3C1F-986B-753B12449CFB} = {7E3A1493-014C-436A-8A0B-FD579ADA6531}
		{A9B045BF-AD53-32B4-A1CC-257067C9FB85} = {7E3A1493-014C-436A-8A0B-FD579ADA6531}
		{F253BEA3-4AD5-3CE7-98E9-B648CB61FA52} = {7E3A1493-014C-436A-8A0B-FD579ADA6531}
		{B211D5BB-6D70-36DD-873C-3049573E1CDC} = {F1E33A5E-A347-40F8-A34A-5EB534D84C77}
		{DAC77DA3-60A5-3718-A033-13F1E13FBBA2} = {F1E33A5E-A347-40F8-A34A-5EB534D84C77}
		{4E60033E-D862-35E8-84F3-B50B9E55B3B4} = {E22EC8FD-71BB-4904-B623-F9C9A7E805BD}
		{8E75C591-5C72-30B3-AFEC-BFCEE2005573} = {E22EC8FD-71BB-4904-B623-F9C9A7E805BD}
		{9B26D6BB-5272-3C95-9B59-9FE0C76D5FB9} = {E22EC8FD-71BB-4904-B623-F9C9A7E805BD}
		{9C55FF14-3F9D-314A-8B83-2D4C72927775} = {E22EC8FD-71BB-4904-B623-F9C9A7E805BD}
	EndGlobalSection
EndGlobal
