Microsoft Visual Studio Solution File, Format Version 12.00
# Visual Studio 14
VisualStudioVersion = 14.0.25420.1
MinimumVisualStudioVersion = 10.0.40219.1
Project("{2150E333-8FDC-42A3-9474-1A3956D46DE8}") = "components", "components", "{7E3A1493-014C-436A-8A0B-FD579ADA6531}"
EndProject
Project("{2150E333-8FDC-42A3-9474-1A3956D46DE8}") = "third-part", "third-part", "{DAD1DC0E-CD4D-4D50-944F-3345541043CC}"
EndProject
Project("{2150E333-8FDC-42A3-9474-1A3956D46DE8}") = "imgdecoder", "imgdecoder", "{E22EC8FD-71BB-4904-B623-F9C9A7E805BD}"
EndProject
Project("{2150E333-8FDC-42A3-9474-1A3956D46DE8}") = "render", "render", "{F1E33A5E-A347-40F8-A34A-5EB534D84C77}"
EndProject
Project("{8BC9CEB8-8B4A-11D0-8D11-00A0C91BC942}") = "png", "third-part\png\png.vcxproj", "{62D4FDE9-768F-3811-A0E9-11D0AAFACA09}"
EndProject
Project("{8BC9CEB8-8B4A-11D0-8D11-00A0C91BC942}") = "skia", "third-part\skia\skia.vcxproj", "{4F234505-AA65-37D0-9D4B-B56EC9ECE59B}"
EndProject
Project("{8BC9CEB8-8B4A-11D0-8D11-00A0C91BC942}") = "zlib", "third-part\zlib\zlib.vcxproj", "{0AD79CEF-E674-3623-9750-88248C461939}"
EndProject
Project("{8BC9CEB8-8B4A-11D0-8D11-00A0C91BC942}") = "lua-52", "third-part\lua-52\lua-52.vcxproj", "{7F10E4D9-F2EE-321B-AC44-1AB1C752DCB5}"
EndProject
Project("{8BC9CEB8-8B4A-11D0-8D11-00A0C91BC942}") = "smiley", "third-part\smiley\smiley.vcxproj", "{5A9BD830-D64B-32BE-A0E5-53509ED7CC74}"
EndProject
Project("{8BC9CEB8-8B4A-11D0-8D11-00A0C91BC942}") = "mhook", "third-part\mhook\mhook.vcxproj", "{C8565E06-FB75-33E1-AE68-FC58763B0442}"
EndProject
Project("{8BC9CEB8-8B4A-11D0-8D11-00A0C91BC942}") = "utilities", "utilities\utilities.vcxproj", "{6DE24F7C-FB5C-3DEF-9008-06B025FB8AE8}"
EndProject
Project("{8BC9CEB8-8B4A-11D0-8D11-00A0C91BC942}") = "soui", "SOUI\soui.vcxproj", "{7B004D56-D83C-3777-B5A0-EA3E116C2312}"
EndProject
Project("{8BC9CEB8-8B4A-11D0-8D11-00A0C91BC942}") = "imgdecoder-wic", "components\imgdecoder-wic\imgdecoder-wic.vcxproj", "{9B26D6BB-5272-3C95-9B59-9FE0C76D5FB9}"
EndProject
Project("{8BC9CEB8-8B4A-11D0-8D11-00A0C91BC942}") = "render-gdi", "components\render-gdi\render-gdi.vcxproj", "{DAC77DA3-60A5-3718-A033-13F1E13FBBA2}"
EndProject
Project("{8BC9CEB8-8B4A-11D0-8D11-00A0C91BC942}") = "render-skia", "components\render-skia\render-skia.vcxproj", "{B211D5BB-6D70-36DD-873C-3049573E1CDC}"
EndProject
Project("{8BC9CEB8-8B4A-11D0-8D11-00A0C91BC942}") = "translator", "components\translator\translator.vcxproj", "{50F44F7A-49C3-3D59-9AB1-3877C9B30FF2}"
EndProject
Project("{8BC9CEB8-8B4A-11D0-8D11-00A0C91BC942}") = "resprovider-zip", "components\resprovider-zip\resprovider-zip.vcxproj", "{8D2DCD32-E977-3E73-A7A5-D0DFD76CDB9F}"
EndProject
Project("{8BC9CEB8-8B4A-11D0-8D11-00A0C91BC942}") = "imgdecoder-stb", "components\imgdecoder-stb\imgdecoder-stb.vcxproj", "{9C55FF14-3F9D-314A-8B83-2D4C72927775}"
EndProject
Project("{8BC9CEB8-8B4A-11D0-8D11-00A0C91BC942}") = "imgdecoder-png", "components\imgdecoder-png\imgdecoder-png.vcxproj", "{4E60033E-D862-35E8-84F3-B50B9E55B3B4}"
EndProject
Project("{8BC9CEB8-8B4A-11D0-8D11-00A0C91BC942}") = "imgdecoder-gdip", "components\imgdecoder-gdip\imgdecoder-gdip.vcxproj", "{8E75C591-5C72-30B3-AFEC-BFCEE2005573}"
EndProject
Project("{8BC9CEB8-8B4A-11D0-8D11-00A0C91BC942}") = "scriptmodule-lua", "components\ScriptModule-LUA\scriptmodule-lua.vcxproj", "{39C639DA-830F-3CB8-AEBC-B7A88CCCE06B}"
EndProject
Project("{8BC9CEB8-8B4A-11D0-8D11-00A0C91BC942}") = "log4z", "components\log4z\log4z.vcxproj", "{3B39975F-6787-3493-AF59-2F6C908A89FE}"
EndProject
Project("{8BC9CEB8-8B4A-11D0-8D11-00A0C91BC942}") = "demo", "demo\demo.vcxproj", "{F72D96A9-7BB4-3D32-A832-099EFD826EBE}"
EndProject
Project("{8BC9CEB8-8B4A-11D0-8D11-00A0C91BC942}") = "gtest", "third-part\gtest\gtest.vcxproj", "{101723CF-70F8-32E8-B295-551464447FA9}"
EndProject
Project("{8BC9CEB8-8B4A-11D0-8D11-00A0C91BC942}") = "7z", "third-part\7z\7z.vcxproj", "{33673269-0F1A-3461-AEB8-AE0842E417E6}"
EndProject
Project("{8BC9CEB8-8B4A-11D0-8D11-00A0C91BC942}") = "resprovider-7zip", "components\resprovider-7zip\resprovider-7zip.vcxproj", "{F7ED4069-E0DD-3C1F-986B-753B12449CFB}"
EndProject
Project("{8BC9CEB8-8B4A-11D0-8D11-00A0C91BC942}") = "soui-sys-resource", "soui-sys-resource\soui-sys-resource.vcxproj", "{01EDEB62-60AA-397A-A283-39A26573CC3F}"
EndProject
Project("{8BC9CEB8-8B4A-11D0-8D11-00A0C91BC942}") = "scintilla", "third-part\Scintilla\scintilla.vcxproj", "{BA2220A7-2649-3DBE-8D80-E9A26C136493}"
EndProject
Project("{8BC9CEB8-8B4A-11D0-8D11-00A0C91BC942}") = "jsoncpp", "third-part\jsoncpp\jsoncpp.vcxproj", "{C0F3A666-8540-3AEC-8A83-7F90A2C70411}"
EndProject
Project("{8BC9CEB8-8B4A-11D0-8D11-00A0C91BC942}") = "TaskLoop", "components\TaskLoop\TaskLoop.vcxproj", "{A9B045BF-AD53-32B4-A1CC-257067C9FB85}"
EndProject
Project("{8BC9CEB8-8B4A-11D0-8D11-00A0C91BC942}") = "SIpcObject", "components\SIpcObject\SIpcObject.vcxproj", "{F253BEA3-4AD5-3CE7-98E9-B648CB61FA52}"
EndProject
Global
	GlobalSection(SolutionConfigurationPlatforms) = preSolution
		Debug|Win32 = Debug|Win32
		Release|Win32 = Release|Win32
	EndGlobalSection
	GlobalSection(ProjectConfigurationPlatforms) = postSolution
		{62D4FDE9-768F-3811-A0E9-11D0AAFACA09}.Debug|Win32.ActiveCfg = Debug|Win32
		{62D4FDE9-768F-3811-A0E9-11D0AAFACA09}.Debug|Win32.Build.0 = Debug|Win32
		{62D4FDE9-768F-3811-A0E9-11D0AAFACA09}.Release|Win32.ActiveCfg = Release|Win32
		{62D4FDE9-768F-3811-A0E9-11D0AAFACA09}.Release|Win32.Build.0 = Release|Win32
		{4F234505-AA65-37D0-9D4B-B56EC9ECE59B}.Debug|Win32.ActiveCfg = Debug|Win32
		{4F234505-AA65-37D0-9D4B-B56EC9ECE59B}.Debug|Win32.Build.0 = Debug|Win32
		{4F234505-AA65-37D0-9D4B-B56EC9ECE59B}.Release|Win32.ActiveCfg = Release|Win32
		{4F234505-AA65-37D0-9D4B-B56EC9ECE59B}.Release|Win32.Build.0 = Release|Win32
		{0AD79CEF-E674-3623-9750-88248C461939}.Debug|Win32.ActiveCfg = Debug|Win32
		{0AD79CEF-E674-3623-9750-88248C461939}.Debug|Win32.Build.0 = Debug|Win32
		{0AD79CEF-E674-3623-9750-88248C461939}.Release|Win32.ActiveCfg = Release|Win32
		{0AD79CEF-E674-3623-9750-88248C461939}.Release|Win32.Build.0 = Release|Win32
		{7F10E4D9-F2EE-321B-AC44-1AB1C752DCB5}.Debug|Win32.ActiveCfg = Debug|Win32
		{7F10E4D9-F2EE-321B-AC44-1AB1C752DCB5}.Debug|Win32.Build.0 = Debug|Win32
		{7F10E4D9-F2EE-321B-AC44-1AB1C752DCB5}.Release|Win32.ActiveCfg = Release|Win32
		{7F10E4D9-F2EE-321B-AC44-1AB1C752DCB5}.Release|Win32.Build.0 = Release|Win32
		{5A9BD830-D64B-32BE-A0E5-53509ED7CC74}.Debug|Win32.ActiveCfg = Debug|Win32
		{5A9BD830-D64B-32BE-A0E5-53509ED7CC74}.Debug|Win32.Build.0 = Debug|Win32
		{5A9BD830-D64B-32BE-A0E5-53509ED7CC74}.Release|Win32.ActiveCfg = Release|Win32
		{5A9BD830-D64B-32BE-A0E5-53509ED7CC74}.Release|Win32.Build.0 = Release|Win32
		{C8565E06-FB75-33E1-AE68-FC58763B0442}.Debug|Win32.ActiveCfg = Debug|Win32
		{C8565E06-FB75-33E1-AE68-FC58763B0442}.Debug|Win32.Build.0 = Debug|Win32
		{C8565E06-FB75-33E1-AE68-FC58763B0442}.Release|Win32.ActiveCfg = Release|Win32
		{C8565E06-FB75-33E1-AE68-FC58763B0442}.Release|Win32.Build.0 = Release|Win32
		{6DE24F7C-FB5C-3DEF-9008-06B025FB8AE8}.Debug|Win32.ActiveCfg = Debug|Win32
		{6DE24F7C-FB5C-3DEF-9008-06B025FB8AE8}.Debug|Win32.Build.0 = Debug|Win32
		{6DE24F7C-FB5C-3DEF-9008-06B025FB8AE8}.Release|Win32.ActiveCfg = Release|Win32
		{6DE24F7C-FB5C-3DEF-9008-06B025FB8AE8}.Release|Win32.Build.0 = Release|Win32
		{7B004D56-D83C-3777-B5A0-EA3E116C2312}.Debug|Win32.ActiveCfg = Debug|Win32
		{7B004D56-D83C-3777-B5A0-EA3E116C2312}.Debug|Win32.Build.0 = Debug|Win32
		{7B004D56-D83C-3777-B5A0-EA3E116C2312}.Release|Win32.ActiveCfg = Release|Win32
		{7B004D56-D83C-3777-B5A0-EA3E116C2312}.Release|Win32.Build.0 = Release|Win32
		{9B26D6BB-5272-3C95-9B59-9FE0C76D5FB9}.Debug|Win32.ActiveCfg = Debug|Win32
		{9B26D6BB-5272-3C95-9B59-9FE0C76D5FB9}.Debug|Win32.Build.0 = Debug|Win32
		{9B26D6BB-5272-3C95-9B59-9FE0C76D5FB9}.Release|Win32.ActiveCfg = Release|Win32
		{9B26D6BB-5272-3C95-9B59-9FE0C76D5FB9}.Release|Win32.Build.0 = Release|Win32
		{DAC77DA3-60A5-3718-A033-13F1E13FBBA2}.Debug|Win32.ActiveCfg = Debug|Win32
		{DAC77DA3-60A5-3718-A033-13F1E13FBBA2}.Debug|Win32.Build.0 = Debug|Win32
		{DAC77DA3-60A5-3718-A033-13F1E13FBBA2}.Release|Win32.ActiveCfg = Release|Win32
		{DAC77DA3-60A5-3718-A033-13F1E13FBBA2}.Release|Win32.Build.0 = Release|Win32
		{B211D5BB-6D70-36DD-873C-3049573E1CDC}.Debug|Win32.ActiveCfg = Debug|Win32
		{B211D5BB-6D70-36DD-873C-3049573E1CDC}.Debug|Win32.Build.0 = Debug|Win32
		{B211D5BB-6D70-36DD-873C-3049573E1CDC}.Release|Win32.ActiveCfg = Release|Win32
		{B211D5BB-6D70-36DD-873C-3049573E1CDC}.Release|Win32.Build.0 = Release|Win32
		{50F44F7A-49C3-3D59-9AB1-3877C9B30FF2}.Debug|Win32.ActiveCfg = Debug|Win32
		{50F44F7A-49C3-3D59-9AB1-3877C9B30FF2}.Debug|Win32.Build.0 = Debug|Win32
		{50F44F7A-49C3-3D59-9AB1-3877C9B30FF2}.Release|Win32.ActiveCfg = Release|Win32
		{50F44F7A-49C3-3D59-9AB1-3877C9B30FF2}.Release|Win32.Build.0 = Release|Win32
		{8D2DCD32-E977-3E73-A7A5-D0DFD76CDB9F}.Debug|Win32.ActiveCfg = Debug|Win32
		{8D2DCD32-E977-3E73-A7A5-D0DFD76CDB9F}.Debug|Win32.Build.0 = Debug|Win32
		{8D2DCD32-E977-3E73-A7A5-D0DFD76CDB9F}.Release|Win32.ActiveCfg = Release|Win32
		{8D2DCD32-E977-3E73-A7A5-D0DFD76CDB9F}.Release|Win32.Build.0 = Release|Win32
		{9C55FF14-3F9D-314A-8B83-2D4C72927775}.Debug|Win32.ActiveCfg = Debug|Win32
		{9C55FF14-3F9D-314A-8B83-2D4C72927775}.Debug|Win32.Build.0 = Debug|Win32
		{9C55FF14-3F9D-314A-8B83-2D4C72927775}.Release|Win32.ActiveCfg = Release|Win32
		{9C55FF14-3F9D-314A-8B83-2D4C72927775}.Release|Win32.Build.0 = Release|Win32
		{4E60033E-D862-35E8-84F3-B50B9E55B3B4}.Debug|Win32.ActiveCfg = Debug|Win32
		{4E60033E-D862-35E8-84F3-B50B9E55B3B4}.Debug|Win32.Build.0 = Debug|Win32
		{4E60033E-D862-35E8-84F3-B50B9E55B3B4}.Release|Win32.ActiveCfg = Release|Win32
		{4E60033E-D862-35E8-84F3-B50B9E55B3B4}.Release|Win32.Build.0 = Release|Win32
		{8E75C591-5C72-30B3-AFEC-BFCEE2005573}.Debug|Win32.ActiveCfg = Debug|Win32
		{8E75C591-5C72-30B3-AFEC-BFCEE2005573}.Debug|Win32.Build.0 = Debug|Win32
		{8E75C591-5C72-30B3-AFEC-BFCEE2005573}.Release|Win32.ActiveCfg = Release|Win32
		{8E75C591-5C72-30B3-AFEC-BFCEE2005573}.Release|Win32.Build.0 = Release|Win32
		{39C639DA-830F-3CB8-AEBC-B7A88CCCE06B}.Debug|Win32.ActiveCfg = Debug|Win32
		{39C639DA-830F-3CB8-AEBC-B7A88CCCE06B}.Debug|Win32.Build.0 = Debug|Win32
		{39C639DA-830F-3CB8-AEBC-B7A88CCCE06B}.Release|Win32.ActiveCfg = Release|Win32
		{39C639DA-830F-3CB8-AEBC-B7A88CCCE06B}.Release|Win32.Build.0 = Release|Win32
		{3B39975F-6787-3493-AF59-2F6C908A89FE}.Debug|Win32.ActiveCfg = Debug|Win32
		{3B39975F-6787-3493-AF59-2F6C908A89FE}.Debug|Win32.Build.0 = Debug|Win32
		{3B39975F-6787-3493-AF59-2F6C908A89FE}.Release|Win32.ActiveCfg = Release|Win32
		{3B39975F-6787-3493-AF59-2F6C908A89FE}.Release|Win32.Build.0 = Release|Win32
		{F72D96A9-7BB4-3D32-A832-099EFD826EBE}.Debug|Win32.ActiveCfg = Debug|Win32
		{F72D96A9-7BB4-3D32-A832-099EFD826EBE}.Debug|Win32.Build.0 = Debug|Win32
		{F72D96A9-7BB4-3D32-A832-099EFD826EBE}.Release|Win32.ActiveCfg = Release|Win32
		{F72D96A9-7BB4-3D32-A832-099EFD826EBE}.Release|Win32.Build.0 = Release|Win32
		{101723CF-70F8-32E8-B295-551464447FA9}.Debug|Win32.ActiveCfg = Debug|Win32
		{101723CF-70F8-32E8-B295-551464447FA9}.Debug|Win32.Build.0 = Debug|Win32
		{101723CF-70F8-32E8-B295-551464447FA9}.Release|Win32.ActiveCfg = Release|Win32
		{101723CF-70F8-32E8-B295-551464447FA9}.Release|Win32.Build.0 = Release|Win32
		{33673269-0F1A-3461-AEB8-AE0842E417E6}.Debug|Win32.ActiveCfg = Debug|Win32
		{33673269-0F1A-3461-AEB8-AE0842E417E6}.Debug|Win32.Build.0 = Debug|Win32
		{33673269-0F1A-3461-AEB8-AE0842E417E6}.Release|Win32.ActiveCfg = Release|Win32
		{33673269-0F1A-3461-AEB8-AE0842E417E6}.Release|Win32.Build.0 = Release|Win32
		{F7ED4069-E0DD-3C1F-986B-753B12449CFB}.Debug|Win32.ActiveCfg = Debug|Win32
		{F7ED4069-E0DD-3C1F-986B-753B12449CFB}.Debug|Win32.Build.0 = Debug|Win32
		{F7ED4069-E0DD-3C1F-986B-753B12449CFB}.Release|Win32.ActiveCfg = Release|Win32
		{F7ED4069-E0DD-3C1F-986B-753B12449CFB}.Release|Win32.Build.0 = Release|Win32
		{01EDEB62-60AA-397A-A283-39A26573CC3F}.Debug|Win32.ActiveCfg = Debug|Win32
		{01EDEB62-60AA-397A-A283-39A26573CC3F}.Debug|Win32.Build.0 = Debug|Win32
		{01EDEB62-60AA-397A-A283-39A26573CC3F}.Release|Win32.ActiveCfg = Release|Win32
		{01EDEB62-60AA-397A-A283-39A26573CC3F}.Release|Win32.Build.0 = Release|Win32
		{BA2220A7-2649-3DBE-8D80-E9A26C136493}.Debug|Win32.ActiveCfg = Debug|Win32
		{BA2220A7-2649-3DBE-8D80-E9A26C136493}.Debug|Win32.Build.0 = Debug|Win32
		{BA2220A7-2649-3DBE-8D80-E9A26C136493}.Release|Win32.ActiveCfg = Release|Win32
		{BA2220A7-2649-3DBE-8D80-E9A26C136493}.Release|Win32.Build.0 = Release|Win32
		{C0F3A666-8540-3AEC-8A83-7F90A2C70411}.Debug|Win32.ActiveCfg = Debug|Win32
		{C0F3A666-8540-3AEC-8A83-7F90A2C70411}.Debug|Win32.Build.0 = Debug|Win32
		{C0F3A666-8540-3AEC-8A83-7F90A2C70411}.Release|Win32.ActiveCfg = Release|Win32
		{C0F3A666-8540-3AEC-8A83-7F90A2C70411}.Release|Win32.Build.0 = Release|Win32
		{A9B045BF-AD53-32B4-A1CC-257067C9FB85}.Debug|Win32.ActiveCfg = Debug|Win32
		{A9B045BF-AD53-32B4-A1CC-257067C9FB85}.Debug|Win32.Build.0 = Debug|Win32
		{A9B045BF-AD53-32B4-A1CC-257067C9FB85}.Release|Win32.ActiveCfg = Release|Win32
		{A9B045BF-AD53-32B4-A1CC-257067C9FB85}.Release|Win32.Build.0 = Release|Win32
		{F253BEA3-4AD5-3CE7-98E9-B648CB61FA52}.Debug|Win32.ActiveCfg = Debug|Win32
		{F253BEA3-4AD5-3CE7-98E9-B648CB61FA52}.Debug|Win32.Build.0 = Debug|Win32
		{F253BEA3-4AD5-3CE7-98E9-B648CB61FA52}.Release|Win32.ActiveCfg = Release|Win32
		{F253BEA3-4AD5-3CE7-98E9-B648CB61FA52}.Release|Win32.Build.0 = Release|Win32
	EndGlobalSection
	GlobalSection(SolutionProperties) = preSolution
		HideSolutionNode = FALSE
	EndGlobalSection
	GlobalSection(NestedProjects) = preSolution
		{E22EC8FD-71BB-4904-B623-F9C9A7E805BD} = {7E3A1493-014C-436A-8A0B-FD579ADA6531}
		{F1E33A5E-A347-40F8-A34A-5EB534D84C77} = {7E3A1493-014C-436A-8A0B-FD579ADA6531}
		{62D4FDE9-768F-3811-A0E9-11D0AAFACA09} = {DAD1DC0E-CD4D-4D50-944F-3345541043CC}
		{4F234505-AA65-37D0-9D4B-B56EC9ECE59B} = {DAD1DC0E-CD4D-4D50-944F-3345541043CC}
		{0AD79CEF-E674-3623-9750-88248C461939} = {DAD1DC0E-CD4D-4D50-944F-3345541043CC}
		{7F10E4D9-F2EE-321B-AC44-1AB1C752DCB5} = {DAD1DC0E-CD4D-4D50-944F-3345541043CC}
		{5A9BD830-D64B-32BE-A0E5-53509ED7CC74} = {DAD1DC0E-CD4D-4D50-944F-3345541043CC}
		{C8565E06-FB75-33E1-AE68-FC58763B0442} = {DAD1DC0E-CD4D-4D50-944F-3345541043CC}
		{9B26D6BB-5272-3C95-9B59-9FE0C76D5FB9} = {E22EC8FD-71BB-4904-B623-F9C9A7E805BD}
		{DAC77DA3-60A5-3718-A033-13F1E13FBBA2} = {F1E33A5E-A347-40F8-A34A-5EB534D84C77}
		{B211D5BB-6D70-36DD-873C-3049573E1CDC} = {F1E33A5E-A347-40F8-A34A-5EB534D84C77}
		{50F44F7A-49C3-3D59-9AB1-3877C9B30FF2} = {7E3A1493-014C-436A-8A0B-FD579ADA6531}
		{8D2DCD32-E977-3E73-A7A5-D0DFD76CDB9F} = {7E3A1493-014C-436A-8A0B-FD579ADA6531}
		{9C55FF14-3F9D-314A-8B83-2D4C72927775} = {E22EC8FD-71BB-4904-B623-F9C9A7E805BD}
		{4E60033E-D862-35E8-84F3-B50B9E55B3B4} = {E22EC8FD-71BB-4904-B623-F9C9A7E805BD}
		{8E75C591-5C72-30B3-AFEC-BFCEE2005573} = {E22EC8FD-71BB-4904-B623-F9C9A7E805BD}
		{39C639DA-830F-3CB8-AEBC-B7A88CCCE06B} = {7E3A1493-014C-436A-8A0B-FD579ADA6531}
		{3B39975F-6787-3493-AF59-2F6C908A89FE} = {7E3A1493-014C-436A-8A0B-FD579ADA6531}
		{101723CF-70F8-32E8-B295-551464447FA9} = {DAD1DC0E-CD4D-4D50-944F-3345541043CC}
		{33673269-0F1A-3461-AEB8-AE0842E417E6} = {DAD1DC0E-CD4D-4D50-944F-3345541043CC}
		{F7ED4069-E0DD-3C1F-986B-753B12449CFB} = {7E3A1493-014C-436A-8A0B-FD579ADA6531}
		{BA2220A7-2649-3DBE-8D80-E9A26C136493} = {DAD1DC0E-CD4D-4D50-944F-3345541043CC}
		{C0F3A666-8540-3AEC-8A83-7F90A2C70411} = {DAD1DC0E-CD4D-4D50-944F-3345541043CC}
		{A9B045BF-AD53-32B4-A1CC-257067C9FB85} = {7E3A1493-014C-436A-8A0B-FD579ADA6531}
		{F253BEA3-4AD5-3CE7-98E9-B648CB61FA52} = {7E3A1493-014C-436A-8A0B-FD579ADA6531}
	EndGlobalSection
EndGlobal
