<?xml version="1.0" encoding="utf-8"?>
<Project ToolsVersion="4.0" xmlns="http://schemas.microsoft.com/developer/msbuild/2003">
  <ItemGroup>
    <Filter Include="Source Files">
      <UniqueIdentifier>{4FC737F1-C7A5-4376-A066-2A32D752A2FF}</UniqueIdentifier>
      <Extensions>cpp;c;cxx;def;odl;idl;hpj;bat;asm;asmx</Extensions>
    </Filter>
    <Filter Include="Header Files">
      <UniqueIdentifier>{93995380-89BD-4b04-88EB-625FBE52EBFB}</UniqueIdentifier>
      <Extensions>h;hpp;hxx;hm;inl;inc;xsd</Extensions>
    </Filter>
    <Filter Include="Generated Files">
      <UniqueIdentifier>{71ED8ED8-ACB9-4CE9-BBE1-E00B30144E11}</UniqueIdentifier>
      <Extensions>cpp;c;cxx;moc;h;def;odl;idl;res;</Extensions>
    </Filter>
  </ItemGroup>
  <ItemGroup>
    <ClCompile Include="src\msaa\SAccProxyCmnCtrl.cpp">
      <Filter>Source Files</Filter>
    </ClCompile>
    <ClCompile Include="src\msaa\SAccProxyWindow.cpp">
      <Filter>Source Files</Filter>
    </ClCompile>
    <ClCompile Include="src\control\SActiveX.cpp">
      <Filter>Source Files</Filter>
    </ClCompile>
    <ClCompile Include="src\SApp.cpp">
      <Filter>Source Files</Filter>
    </ClCompile>
    <ClCompile Include="src\activex\SAxContainer.cpp">
      <Filter>Source Files</Filter>
    </ClCompile>
    <ClCompile Include="src\activex\SBStr.cpp">
      <Filter>Source Files</Filter>
    </ClCompile>
    <ClCompile Include="src\control\SCalendar.cpp">
      <Filter>Source Files</Filter>
    </ClCompile>
    <ClCompile Include="src\matrix\SCamera.cpp">
      <Filter>Source Files</Filter>
    </ClCompile>
    <ClCompile Include="src\control\SCaption.cpp">
      <Filter>Source Files</Filter>
    </ClCompile>
    <ClCompile Include="src\control\SCmnCtrl.cpp">
      <Filter>Source Files</Filter>
    </ClCompile>
    <ClCompile Include="src\control\SComboBase.cpp">
      <Filter>Source Files</Filter>
    </ClCompile>
    <ClCompile Include="src\control\SComboBox.cpp">
      <Filter>Source Files</Filter>
    </ClCompile>
    <ClCompile Include="src\control\SComboView.cpp">
      <Filter>Source Files</Filter>
    </ClCompile>
    <ClCompile Include="src\helper\SDIBHelper.cpp">
      <Filter>Source Files</Filter>
    </ClCompile>
    <ClCompile Include="src\control\SDateTimePicker.cpp">
      <Filter>Source Files</Filter>
    </ClCompile>
    <ClCompile Include="src\res.mgr\SDpiAwareFont.cpp">
      <Filter>Source Files</Filter>
    </ClCompile>
    <ClCompile Include="src\helper\SDpiScale.cpp">
      <Filter>Source Files</Filter>
    </ClCompile>
    <ClCompile Include="src\control\SDropDown.cpp">
      <Filter>Source Files</Filter>
    </ClCompile>
    <ClCompile Include="src\core\SDropTargetDispatcher.cpp">
      <Filter>Source Files</Filter>
    </ClCompile>
    <ClCompile Include="src\res.mgr\SFontPool.cpp">
      <Filter>Source Files</Filter>
    </ClCompile>
    <ClCompile Include="src\layout\SGridLayout.cpp">
      <Filter>Source Files</Filter>
    </ClCompile>
    <ClCompile Include="src\control\SHeaderCtrl.cpp">
      <Filter>Source Files</Filter>
    </ClCompile>
    <ClCompile Include="src\core\SHostDialog.cpp">
      <Filter>Source Files</Filter>
    </ClCompile>
    <ClCompile Include="src\control\SHotKeyCtrl.cpp">
      <Filter>Source Files</Filter>
    </ClCompile>
    <ClCompile Include="src\animation\SInterpolatorImpl.cpp">
      <Filter>Source Files</Filter>
    </ClCompile>
    <ClCompile Include="src\core\SItemPanel.cpp">
      <Filter>Source Files</Filter>
    </ClCompile>
    <ClCompile Include="src\layout\SLayoutSize.cpp">
      <Filter>Source Files</Filter>
    </ClCompile>
    <ClCompile Include="src\layout\SLinearLayout.cpp">
      <Filter>Source Files</Filter>
    </ClCompile>
    <ClCompile Include="src\control\SListCtrl.cpp">
      <Filter>Source Files</Filter>
    </ClCompile>
    <ClCompile Include="src\control\SListView.cpp">
      <Filter>Source Files</Filter>
    </ClCompile>
    <ClCompile Include="src\helper\SListViewItemLocator.cpp">
      <Filter>Source Files</Filter>
    </ClCompile>
    <ClCompile Include="src\control\SListbox.cpp">
      <Filter>Source Files</Filter>
    </ClCompile>
    <ClCompile Include="src\matrix\SMatrix.cpp">
      <Filter>Source Files</Filter>
    </ClCompile>
    <ClCompile Include="src\control\SMcListView.cpp">
      <Filter>Source Files</Filter>
    </ClCompile>
    <ClCompile Include="src\helper\SMenu.cpp">
      <Filter>Source Files</Filter>
    </ClCompile>
    <ClCompile Include="src\control\SMenuBar.cpp">
      <Filter>Source Files</Filter>
    </ClCompile>
    <ClCompile Include="src\helper\SMenuEx.cpp">
      <Filter>Source Files</Filter>
    </ClCompile>
    <ClCompile Include="src\control\SMessageBox.cpp">
      <Filter>Source Files</Filter>
    </ClCompile>
    <ClCompile Include="src\core\SMsgLoop.cpp">
      <Filter>Source Files</Filter>
    </ClCompile>
    <ClCompile Include="src\res.mgr\SNamedValue.cpp">
      <Filter>Source Files</Filter>
    </ClCompile>
    <ClCompile Include="src\core\SNativeWnd.cpp">
      <Filter>Source Files</Filter>
    </ClCompile>
    <ClCompile Include="src\res.mgr\SObjDefAttr.cpp">
      <Filter>Source Files</Filter>
    </ClCompile>
    <ClCompile Include="src\core\SObjectFactory.cpp">
      <Filter>Source Files</Filter>
    </ClCompile>
    <ClCompile Include="src\core\SPanel.cpp">
      <Filter>Source Files</Filter>
    </ClCompile>
    <ClCompile Include="src\matrix\SPoint.cpp">
      <Filter>Source Files</Filter>
    </ClCompile>
    <ClCompile Include="src\control\SRealWnd.cpp">
      <Filter>Source Files</Filter>
    </ClCompile>
    <ClCompile Include="src\matrix\SRect.cpp">
      <Filter>Source Files</Filter>
    </ClCompile>
    <ClCompile Include="src\res.mgr\SResProvider.cpp">
      <Filter>Source Files</Filter>
    </ClCompile>
    <ClCompile Include="src\res.mgr\SResProviderMgr.cpp">
      <Filter>Source Files</Filter>
    </ClCompile>
    <ClCompile Include="src\control\SRichEdit.cpp">
      <Filter>Source Files</Filter>
    </ClCompile>
    <ClCompile Include="src\helper\SScriptTimer.cpp">
      <Filter>Source Files</Filter>
    </ClCompile>
    <ClCompile Include="src\core\SScrollBarHandler.cpp">
      <Filter>Source Files</Filter>
    </ClCompile>
    <ClCompile Include="src\control\SScrollbar.cpp">
      <Filter>Source Files</Filter>
    </ClCompile>
    <ClCompile Include="src\core\SSkin.cpp">
      <Filter>Source Files</Filter>
    </ClCompile>
    <ClCompile Include="src\core\SSkinObjBase.cpp">
      <Filter>Source Files</Filter>
    </ClCompile>
    <ClCompile Include="src\res.mgr\SSkinPool.cpp">
      <Filter>Source Files</Filter>
    </ClCompile>
    <ClCompile Include="src\control\SSliderBar.cpp">
      <Filter>Source Files</Filter>
    </ClCompile>
    <ClCompile Include="src\control\SSpinButtonCtrl.cpp">
      <Filter>Source Files</Filter>
    </ClCompile>
    <ClCompile Include="src\control\SSplitWnd.cpp">
      <Filter>Source Files</Filter>
    </ClCompile>
    <ClCompile Include="src\res.mgr\SStylePool.cpp">
      <Filter>Source Files</Filter>
    </ClCompile>
    <ClCompile Include="src\control\STabCtrl.cpp">
      <Filter>Source Files</Filter>
    </ClCompile>
    <ClCompile Include="src\helper\STaskHandler.cpp">
      <Filter>Source Files</Filter>
    </ClCompile>
    <ClCompile Include="src\control\STileView.cpp">
      <Filter>Source Files</Filter>
    </ClCompile>
    <ClCompile Include="src\helper\STileViewItemLocator.cpp">
      <Filter>Source Files</Filter>
    </ClCompile>
    <ClCompile Include="src\helper\STimerEx.cpp">
      <Filter>Source Files</Filter>
    </ClCompile>
    <ClCompile Include="src\core\STimerlineHandlerMgr.cpp">
      <Filter>Source Files</Filter>
    </ClCompile>
    <ClCompile Include="src\helper\SToolTip.cpp">
      <Filter>Source Files</Filter>
    </ClCompile>
    <ClCompile Include="src\control\STreeCtrl.cpp">
      <Filter>Source Files</Filter>
    </ClCompile>
    <ClCompile Include="src\control\STreeView.cpp">
      <Filter>Source Files</Filter>
    </ClCompile>
    <ClCompile Include="src\res.mgr\SUiDef.cpp">
      <Filter>Source Files</Filter>
    </ClCompile>
    <ClCompile Include="src\updatelayeredwindow\SUpdateLayeredWindow.cpp">
      <Filter>Source Files</Filter>
    </ClCompile>
    <ClCompile Include="src\core\SWindowMgr.cpp">
      <Filter>Source Files</Filter>
    </ClCompile>
    <ClCompile Include="src\layout\SouiLayout.cpp">
      <Filter>Source Files</Filter>
    </ClCompile>
    <ClCompile Include="src\core\scaret.cpp">
      <Filter>Source Files</Filter>
    </ClCompile>
    <ClCompile Include="src\core\shostwnd.cpp">
      <Filter>Source Files</Filter>
    </ClCompile>
    <ClCompile Include="include\souistd.h.cpp">
      <Filter>Generated Files</Filter>
    </ClCompile>
    <ClCompile Include="src\core\SFocusManager.cpp">
      <Filter>Source Files</Filter>
    </ClCompile>
    <ClCompile Include="src\helper\STime.cpp">
      <Filter>Source Files</Filter>
    </ClCompile>
    <ClCompile Include="src\core\SWnd.cpp">
      <Filter>Source Files</Filter>
    </ClCompile>
    <ClCompile Include="src\core\SWndAccessible.cpp">
      <Filter>Source Files</Filter>
    </ClCompile>
    <ClCompile Include="src\core\SWndContainerImpl.cpp">
      <Filter>Source Files</Filter>
    </ClCompile>
    <ClCompile Include="src\helper\SWndFinder.cpp">
      <Filter>Source Files</Filter>
    </ClCompile>
    <ClCompile Include="src\core\SWndStyle.cpp">
      <Filter>Source Files</Filter>
    </ClCompile>
    <ClCompile Include="src\animation\STransformation.cpp">
      <Filter>Source Files</Filter>
    </ClCompile>
    <ClCompile Include="src\animation\STranslateAnimation.cpp">
      <Filter>Source Files</Filter>
    </ClCompile>
    <ClCompile Include="src\animation\SAlphaAnimation.cpp">
      <Filter>Source Files</Filter>
    </ClCompile>
    <ClCompile Include="src\animation\SAnimation.cpp">
      <Filter>Source Files</Filter>
    </ClCompile>
    <ClCompile Include="src\animation\SAnimationSet.cpp">
      <Filter>Source Files</Filter>
    </ClCompile>
    <ClCompile Include="src\animation\SCaleAnimation.cpp">
      <Filter>Source Files</Filter>
    </ClCompile>
    <ClCompile Include="src\helper\SAppDir.cpp">
      <Filter>Source Files</Filter>
    </ClCompile>
    <ClCompile Include="src\core\SAccelerator.cpp">
      <Filter>Source Files</Filter>
    </ClCompile>
    <ClCompile Include="src\helper\SDragWnd.cpp">
      <Filter>Source Files</Filter>
    </ClCompile>
    <ClCompile Include="src\event\SEventSet.cpp">
      <Filter>Source Files</Filter>
    </ClCompile>
    <ClCompile Include="src\event\SNotifyCenter.cpp">
      <Filter>Source Files</Filter>
    </ClCompile>
    <ClCompile Include="src\helper\SMemDC.cpp">
      <Filter>Source Files</Filter>
    </ClCompile>
    <ClCompile Include="src\helper\SMenuWndHook.cpp">
      <Filter>Source Files</Filter>
    </ClCompile>
    <ClCompile Include="src\animation\SRotateAnimation.cpp">
      <Filter>Source Files</Filter>
    </ClCompile>
    <ClCompile Include="src\valueAnimator\SValueAnimator.cpp">
      <Filter>Source Files</Filter>
    </ClCompile>
  </ItemGroup>
  <ItemGroup>
    <ClInclude Include="include\msaa\SAccProxyCmnCtrl.h">
      <Filter>Header Files</Filter>
    </ClInclude>
    <ClInclude Include="include\msaa\SAccProxyWindow.h">
      <Filter>Header Files</Filter>
    </ClInclude>
    <ClInclude Include="include\control\SActiveX.h">
      <Filter>Header Files</Filter>
    </ClInclude>
    <ClInclude Include="include\helper\SAdapterBase.h">
      <Filter>Header Files</Filter>
    </ClInclude>
    <ClInclude Include="include\SApp.h">
      <Filter>Header Files</Filter>
    </ClInclude>
    <ClInclude Include="include\helper\SAttrCracker.h">
      <Filter>Header Files</Filter>
    </ClInclude>
    <ClInclude Include="include\interface\SAttrStorage-i.h">
      <Filter>Header Files</Filter>
    </ClInclude>
    <ClInclude Include="src\activex\SAxContainer.h">
      <Filter>Header Files</Filter>
    </ClInclude>
    <ClInclude Include="src\activex\SAxUtil.h">
      <Filter>Header Files</Filter>
    </ClInclude>
    <ClInclude Include="include\activex\SBStr.h">
      <Filter>Header Files</Filter>
    </ClInclude>
    <ClInclude Include="include\control\SCalendar.h">
      <Filter>Header Files</Filter>
    </ClInclude>
    <ClInclude Include="include\matrix\SCamera.h">
      <Filter>Header Files</Filter>
    </ClInclude>
    <ClInclude Include="include\control\SCaption.h">
      <Filter>Header Files</Filter>
    </ClInclude>
    <ClInclude Include="include\core\SCaret.h">
      <Filter>Header Files</Filter>
    </ClInclude>
    <ClInclude Include="include\control\SCmnCtrl.h">
      <Filter>Header Files</Filter>
    </ClInclude>
    <ClInclude Include="include\control\SComboBase.h">
      <Filter>Header Files</Filter>
    </ClInclude>
    <ClInclude Include="include\control\SComboBox.h">
      <Filter>Header Files</Filter>
    </ClInclude>
    <ClInclude Include="include\control\SComboView.h">
      <Filter>Header Files</Filter>
    </ClInclude>
    <ClInclude Include="include\helper\SDIBHelper.h">
      <Filter>Header Files</Filter>
    </ClInclude>
    <ClInclude Include="include\control\SDateTimePicker.h">
      <Filter>Header Files</Filter>
    </ClInclude>
    <ClInclude Include="include\core\SDefine.h">
      <Filter>Header Files</Filter>
    </ClInclude>
    <ClInclude Include="include\res.mgr\SDpiAwareFont.h">
      <Filter>Header Files</Filter>
    </ClInclude>
    <ClInclude Include="include\helper\SDpiHelper.hpp">
      <Filter>Header Files</Filter>
    </ClInclude>
    <ClInclude Include="include\helper\SDpiScale.h">
      <Filter>Header Files</Filter>
    </ClInclude>
    <ClInclude Include="include\control\SDropDown.h">
      <Filter>Header Files</Filter>
    </ClInclude>
    <ClInclude Include="include\core\SDropTargetDispatcher.h">
      <Filter>Header Files</Filter>
    </ClInclude>
    <ClInclude Include="include\matrix\SFloat.h">
      <Filter>Header Files</Filter>
    </ClInclude>
    <ClInclude Include="include\matrix\SFloatBits.h">
      <Filter>Header Files</Filter>
    </ClInclude>
    <ClInclude Include="include\res.mgr\SFontPool.h">
      <Filter>Header Files</Filter>
    </ClInclude>
    <ClInclude Include="include\helper\SFunctor.hpp">
      <Filter>Header Files</Filter>
    </ClInclude>
    <ClInclude Include="include\layout\SGridLayout.h">
      <Filter>Header Files</Filter>
    </ClInclude>
    <ClInclude Include="include\layout\SGridLayoutParamStruct.h">
      <Filter>Header Files</Filter>
    </ClInclude>
    <ClInclude Include="include\control\SHeaderCtrl.h">
      <Filter>Header Files</Filter>
    </ClInclude>
    <ClInclude Include="include\core\SHostDialog.h">
      <Filter>Header Files</Filter>
    </ClInclude>
    <ClInclude Include="include\core\SHostWnd.h">
      <Filter>Header Files</Filter>
    </ClInclude>
    <ClInclude Include="include\control\SHotKeyCtrl.h">
      <Filter>Header Files</Filter>
    </ClInclude>
    <ClInclude Include="include\animation\SInterpolatorImpl.h">
      <Filter>Header Files</Filter>
    </ClInclude>
    <ClInclude Include="include\helper\SIpcParamHelper.hpp">
      <Filter>Header Files</Filter>
    </ClInclude>
    <ClInclude Include="include\core\SItemPanel.h">
      <Filter>Header Files</Filter>
    </ClInclude>
    <ClInclude Include="include\layout\SLayoutSize.h">
      <Filter>Header Files</Filter>
    </ClInclude>
    <ClInclude Include="include\layout\SLinearLayout.h">
      <Filter>Header Files</Filter>
    </ClInclude>
    <ClInclude Include="include\layout\SLinearLayoutParamStruct.h">
      <Filter>Header Files</Filter>
    </ClInclude>
    <ClInclude Include="include\control\SListCtrl.h">
      <Filter>Header Files</Filter>
    </ClInclude>
    <ClInclude Include="include\control\SListView.h">
      <Filter>Header Files</Filter>
    </ClInclude>
    <ClInclude Include="include\helper\SListViewItemLocator.h">
      <Filter>Header Files</Filter>
    </ClInclude>
    <ClInclude Include="include\control\SListbox.h">
      <Filter>Header Files</Filter>
    </ClInclude>
    <ClInclude Include="include\matrix\SMatrix.h">
      <Filter>Header Files</Filter>
    </ClInclude>
    <ClInclude Include="include\control\SMcListView.h">
      <Filter>Header Files</Filter>
    </ClInclude>
    <ClInclude Include="include\helper\SMenu.h">
      <Filter>Header Files</Filter>
    </ClInclude>
    <ClInclude Include="include\control\SMenuBar.h">
      <Filter>Header Files</Filter>
    </ClInclude>
    <ClInclude Include="include\helper\SMenuEx.h">
      <Filter>Header Files</Filter>
    </ClInclude>
    <ClInclude Include="include\control\SMessageBox.h">
      <Filter>Header Files</Filter>
    </ClInclude>
    <ClInclude Include="include\core\SMsgLoop.h">
      <Filter>Header Files</Filter>
    </ClInclude>
    <ClInclude Include="include\res.mgr\SNamedValue.h">
      <Filter>Header Files</Filter>
    </ClInclude>
    <ClInclude Include="include\core\SNativeWnd.h">
      <Filter>Header Files</Filter>
    </ClInclude>
    <ClInclude Include="include\res.mgr\SObjDefAttr.h">
      <Filter>Header Files</Filter>
    </ClInclude>
    <ClInclude Include="include\core\SObjType.h">
      <Filter>Header Files</Filter>
    </ClInclude>
    <ClInclude Include="include\core\SObjectFactory.h">
      <Filter>Header Files</Filter>
    </ClInclude>
    <ClInclude Include="include\core\SPanel.h">
      <Filter>Header Files</Filter>
    </ClInclude>
    <ClInclude Include="include\interface\SPathEffect-i.h">
      <Filter>Header Files</Filter>
    </ClInclude>
    <ClInclude Include="include\matrix\SPoint.h">
      <Filter>Header Files</Filter>
    </ClInclude>
    <ClInclude Include="include\control\SRealWnd.h">
      <Filter>Header Files</Filter>
    </ClInclude>
    <ClInclude Include="include\matrix\SRect.h">
      <Filter>Header Files</Filter>
    </ClInclude>
    <ClInclude Include="include\helper\SResID.h">
      <Filter>Header Files</Filter>
    </ClInclude>
    <ClInclude Include="include\interface\SResProvider-i.h">
      <Filter>Header Files</Filter>
    </ClInclude>
    <ClInclude Include="include\res.mgr\SResProvider.h">
      <Filter>Header Files</Filter>
    </ClInclude>
    <ClInclude Include="include\res.mgr\SResProviderMgr.h">
      <Filter>Header Files</Filter>
    </ClInclude>
    <ClInclude Include="include\control\SRichEdit.h">
      <Filter>Header Files</Filter>
    </ClInclude>
    <ClInclude Include="include\interface\SScriptModule-i.h">
      <Filter>Header Files</Filter>
    </ClInclude>
    <ClInclude Include="include\helper\SScriptTimer.h">
      <Filter>Header Files</Filter>
    </ClInclude>
    <ClInclude Include="include\core\SScrollBarHandler.h">
      <Filter>Header Files</Filter>
    </ClInclude>
    <ClInclude Include="include\control\SScrollbar.h">
      <Filter>Header Files</Filter>
    </ClInclude>
    <ClInclude Include="include\core\SSingleton.h">
      <Filter>Header Files</Filter>
    </ClInclude>
    <ClInclude Include="include\core\SSingleton2.h">
      <Filter>Header Files</Filter>
    </ClInclude>
    <ClInclude Include="include\core\SSingletonMap.h">
      <Filter>Header Files</Filter>
    </ClInclude>
    <ClInclude Include="include\core\SSkin.h">
      <Filter>Header Files</Filter>
    </ClInclude>
    <ClInclude Include="include\core\SSkinObjBase.h">
      <Filter>Header Files</Filter>
    </ClInclude>
    <ClInclude Include="include\res.mgr\SSkinPool.h">
      <Filter>Header Files</Filter>
    </ClInclude>
    <ClInclude Include="include\interface\SSkinobj-i.h">
      <Filter>Header Files</Filter>
    </ClInclude>
    <ClInclude Include="include\control\SSliderBar.h">
      <Filter>Header Files</Filter>
    </ClInclude>
    <ClInclude Include="include\control\SSpinButtonCtrl.h">
      <Filter>Header Files</Filter>
    </ClInclude>
    <ClInclude Include="include\control\SSplitWnd.h">
      <Filter>Header Files</Filter>
    </ClInclude>
    <ClInclude Include="include\res.mgr\SStylePool.h">
      <Filter>Header Files</Filter>
    </ClInclude>
    <ClInclude Include="include\control\STabCtrl.h">
      <Filter>Header Files</Filter>
    </ClInclude>
    <ClInclude Include="include\helper\STaskHandler.h">
      <Filter>Header Files</Filter>
    </ClInclude>
    <ClInclude Include="include\interface\STaskLoop-i.h">
      <Filter>Header Files</Filter>
    </ClInclude>
    <ClInclude Include="include\control\STileView.h">
      <Filter>Header Files</Filter>
    </ClInclude>
    <ClInclude Include="include\helper\STileViewItemLocator.h">
      <Filter>Header Files</Filter>
    </ClInclude>
    <ClInclude Include="include\helper\STime.h">
      <Filter>Header Files</Filter>
    </ClInclude>
    <ClInclude Include="include\interface\STimelineHandler-i.h">
      <Filter>Header Files</Filter>
    </ClInclude>
    <ClInclude Include="include\helper\STimerEx.h">
      <Filter>Header Files</Filter>
    </ClInclude>
    <ClInclude Include="include\core\STimerlineHandlerMgr.h">
      <Filter>Header Files</Filter>
    </ClInclude>
    <ClInclude Include="include\helper\SToolTip.h">
      <Filter>Header Files</Filter>
    </ClInclude>
    <ClInclude Include="include\interface\STranslator-i.h">
      <Filter>Header Files</Filter>
    </ClInclude>
    <ClInclude Include="include\control\STreeCtrl.h">
      <Filter>Header Files</Filter>
    </ClInclude>
    <ClInclude Include="include\control\STreeView.h">
      <Filter>Header Files</Filter>
    </ClInclude>
    <ClInclude Include="include\matrix\STypes.h">
      <Filter>Header Files</Filter>
    </ClInclude>
    <ClInclude Include="include\res.mgr\SUiDef.h">
      <Filter>Header Files</Filter>
    </ClInclude>
    <ClInclude Include="src\updatelayeredwindow\SUpdateLayeredWindow.h">
      <Filter>Header Files</Filter>
    </ClInclude>
    <ClInclude Include="include\core\SWindowMgr.h">
      <Filter>Header Files</Filter>
    </ClInclude>
    <ClInclude Include="include\animation\ScaleAnimation.h">
      <Filter>Header Files</Filter>
    </ClInclude>
    <ClInclude Include="include\control\SouiCtrls.h">
      <Filter>Header Files</Filter>
    </ClInclude>
    <ClInclude Include="include\layout\SouiLayout.h">
      <Filter>Header Files</Filter>
    </ClInclude>
    <ClInclude Include="include\layout\SouiLayoutParamStruct.h">
      <Filter>Header Files</Filter>
    </ClInclude>
    <ClInclude Include="include\helper\SplitString.h">
      <Filter>Header Files</Filter>
    </ClInclude>
    <ClInclude Include="include\core\Swnd.h">
      <Filter>Header Files</Filter>
    </ClInclude>
    <ClInclude Include="include\core\SwndAccessible.h">
      <Filter>Header Files</Filter>
    </ClInclude>
    <ClInclude Include="include\core\SwndContainer-i.h">
      <Filter>Header Files</Filter>
    </ClInclude>
    <ClInclude Include="include\core\SwndContainerImpl.h">
      <Filter>Header Files</Filter>
    </ClInclude>
    <ClInclude Include="include\helper\SwndFinder.h">
      <Filter>Header Files</Filter>
    </ClInclude>
    <ClInclude Include="include\helper\SwndMsgCracker.h">
      <Filter>Header Files</Filter>
    </ClInclude>
    <ClInclude Include="include\core\SwndStyle.h">
      <Filter>Header Files</Filter>
    </ClInclude>
    <ClInclude Include="include\valueAnimator\TypeEvaluator.h">
      <Filter>Header Files</Filter>
    </ClInclude>
    <ClInclude Include="include\interface\sipcobj-i.h">
      <Filter>Header Files</Filter>
    </ClInclude>
    <ClInclude Include="include\helper\slog.h">
      <Filter>Header Files</Filter>
    </ClInclude>
    <ClInclude Include="include\soui-version.h">
      <Filter>Header Files</Filter>
    </ClInclude>
    <ClInclude Include="include\interface\stooltip-i.h">
      <Filter>Header Files</Filter>
    </ClInclude>
    <ClInclude Include="include\helper\swndspy.h">
      <Filter>Header Files</Filter>
    </ClInclude>
    <ClInclude Include="include\animation\SAlphaAnimation.h">
      <Filter>Header Files</Filter>
    </ClInclude>
    <ClInclude Include="include\animation\SAnimation.h">
      <Filter>Header Files</Filter>
    </ClInclude>
    <ClInclude Include="include\animation\SAnimationSet.h">
      <Filter>Header Files</Filter>
    </ClInclude>
    <ClInclude Include="include\animation\SRotateAnimation.h">
      <Filter>Header Files</Filter>
    </ClInclude>
    <ClInclude Include="include\animation\STransformation.h">
      <Filter>Header Files</Filter>
    </ClInclude>
    <ClInclude Include="include\animation\STranslateAnimation.h">
      <Filter>Header Files</Filter>
    </ClInclude>
    <ClInclude Include="include\control\SRealWndHandler-i.h">
      <Filter>Header Files</Filter>
    </ClInclude>
    <ClInclude Include="include\control\STree.h">
      <Filter>Header Files</Filter>
    </ClInclude>
    <ClInclude Include="include\core\SAccelerator.h">
      <Filter>Header Files</Filter>
    </ClInclude>
    <ClInclude Include="include\core\SFocusManager.h">
      <Filter>Header Files</Filter>
    </ClInclude>
    <ClInclude Include="include\core\SHostMsgDef.h">
      <Filter>Header Files</Filter>
    </ClInclude>
    <ClInclude Include="include\event\SEventCrack.h">
      <Filter>Header Files</Filter>
    </ClInclude>
    <ClInclude Include="include\event\SEvents.h">
      <Filter>Header Files</Filter>
    </ClInclude>
    <ClInclude Include="include\event\SEventSet.h">
      <Filter>Header Files</Filter>
    </ClInclude>
    <ClInclude Include="include\event\SEventSubscriber.h">
      <Filter>Header Files</Filter>
    </ClInclude>
    <ClInclude Include="include\event\SNotifyCenter.h">
      <Filter>Header Files</Filter>
    </ClInclude>
    <ClInclude Include="include\helper\SAppDir.h">
      <Filter>Header Files</Filter>
    </ClInclude>
    <ClInclude Include="include\helper\SColor.h">
      <Filter>Header Files</Filter>
    </ClInclude>
    <ClInclude Include="include\helper\SDragWnd.h">
      <Filter>Header Files</Filter>
    </ClInclude>
    <ClInclude Include="include\helper\SMemDC.h">
      <Filter>Header Files</Filter>
    </ClInclude>
    <ClInclude Include="include\helper\SMenuWndHook.h">
      <Filter>Header Files</Filter>
    </ClInclude>
    <ClInclude Include="include\helper\SLogDef.h">
      <Filter>Header Files</Filter>
    </ClInclude>
    <ClInclude Include="include\helper\SUnknown.h">
      <Filter>Header Files</Filter>
    </ClInclude>
    <ClInclude Include="include\interface\STreeViewItemLocator-i.h">
      <Filter>Header Files</Filter>
    </ClInclude>
    <ClInclude Include="include\interface\SValueAnimator-i.h">
      <Filter>Header Files</Filter>
    </ClInclude>
    <ClInclude Include="include\interface\SListViewItemLocator-i.h">
      <Filter>Header Files</Filter>
    </ClInclude>
    <ClInclude Include="include\interface\SLog-i.h">
      <Filter>Header Files</Filter>
    </ClInclude>
    <ClInclude Include="include\interface\SCaret-i.h">
      <Filter>Header Files</Filter>
    </ClInclude>
    <ClInclude Include="include\interface\SAccProxy-i.h">
      <Filter>Header Files</Filter>
    </ClInclude>
    <ClInclude Include="include\interface\SImgDecoder-i.h">
      <Filter>Header Files</Filter>
    </ClInclude>
    <ClInclude Include="include\interface\SAdapter-i.h">
      <Filter>Header Files</Filter>
    </ClInclude>
    <ClInclude Include="include\interface\SAccHelper-i.h">
      <Filter>Header Files</Filter>
    </ClInclude>
    <ClInclude Include="include\interface\SLayout-i.h">
      <Filter>Header Files</Filter>
    </ClInclude>
  </ItemGroup>
  <ItemGroup>
    <ResourceCompile Include="soui.rc" />
  </ItemGroup>
  <ItemGroup>
    <CustomBuild Include="include\souistd.h">
      <Filter>Header Files</Filter>
    </CustomBuild>
  </ItemGroup>
</Project>